
Microsoft Visual Studio Solution File, Format Version 12.00
# Visual Studio Version 17
VisualStudioVersion = 17.4.33110.190
MinimumVisualStudioVersion = 10.0.40219.1
Project("{FAE04EC0-301F-11D3-BF4B-00C04F79EFBC}") = "HW13", "HW13\HW13.csproj", "{26020BB1-7ADA-472D-8674-F50A9D0D4E1A}"
EndProject
Global
	GlobalSection(SolutionConfigurationPlatforms) = preSolution
		Debug|Any CPU = Debug|Any CPU
		Release|Any CPU = Release|Any CPU
	EndGlobalSection
	GlobalSection(ProjectConfigurationPlatforms) = postSolution
		{26020BB1-7ADA-472D-8674-F50A9D0D4E1A}.Debug|Any CPU.ActiveCfg = Debug|Any CPU
		{26020BB1-7ADA-472D-8674-F50A9D0D4E1A}.Debug|Any CPU.Build.0 = Debug|Any CPU
		{26020BB1-7ADA-472D-8674-F50A9D0D4E1A}.Release|Any CPU.ActiveCfg = Release|Any CPU
		{26020BB1-7ADA-472D-8674-F50A9D0D4E1A}.Release|Any CPU.Build.0 = Release|Any CPU
	EndGlobalSection
	GlobalSection(SolutionProperties) = preSolution
		HideSolutionNode = FALSE
	EndGlobalSection
	GlobalSection(ExtensibilityGlobals) = postSolution
		SolutionGuid = {DAD7A8E6-6520-4868-BF1D-FBCFFAD02E2B}
	EndGlobalSection
EndGlobal
