
Microsoft Visual Studio Solution File, Format Version 12.00
# Visual Studio Version 17
VisualStudioVersion = 17.4.33122.133
MinimumVisualStudioVersion = 10.0.40219.1
Project("{9A19103F-16F7-4668-BE54-9A1E7A4F7556}") = "Home3.1", "Home3\Home3.1.csproj", "{8E5411F7-7460-482C-B7FB-1AC2A7639D0B}"
EndProject
Project("{9A19103F-16F7-4668-BE54-9A1E7A4F7556}") = "Home3.2", "Home2.2\Home3.2.csproj", "{B7DCEF5D-9E65-48FB-BF1C-885B2836F24C}"
EndProject
Project("{9A19103F-16F7-4668-BE54-9A1E7A4F7556}") = "Home3.3", "Home3.3\Home3.3.csproj", "{7841B0DD-39CD-4A87-A9AB-293371CDEE73}"
EndProject
Project("{FAE04EC0-301F-11D3-BF4B-00C04F79EFBC}") = "Home3.4", "..\Home3.4\Home3.4.csproj", "{B09E824E-9E49-46A2-AFD6-63D5FDC6E5EA}"
EndProject
Project("{FAE04EC0-301F-11D3-BF4B-00C04F79EFBC}") = "Home3.5", "..\Home3.5\Home3.5.csproj", "{C3E6BBE8-7026-493E-8E47-D9D2AC11872C}"
EndProject
Global
	GlobalSection(SolutionConfigurationPlatforms) = preSolution
		Debug|Any CPU = Debug|Any CPU
		Release|Any CPU = Release|Any CPU
	EndGlobalSection
	GlobalSection(ProjectConfigurationPlatforms) = postSolution
		{8E5411F7-7460-482C-B7FB-1AC2A7639D0B}.Debug|Any CPU.ActiveCfg = Debug|Any CPU
		{8E5411F7-7460-482C-B7FB-1AC2A7639D0B}.Debug|Any CPU.Build.0 = Debug|Any CPU
		{8E5411F7-7460-482C-B7FB-1AC2A7639D0B}.Release|Any CPU.ActiveCfg = Release|Any CPU
		{8E5411F7-7460-482C-B7FB-1AC2A7639D0B}.Release|Any CPU.Build.0 = Release|Any CPU
		{B7DCEF5D-9E65-48FB-BF1C-885B2836F24C}.Debug|Any CPU.ActiveCfg = Debug|Any CPU
		{B7DCEF5D-9E65-48FB-BF1C-885B2836F24C}.Debug|Any CPU.Build.0 = Debug|Any CPU
		{B7DCEF5D-9E65-48FB-BF1C-885B2836F24C}.Release|Any CPU.ActiveCfg = Release|Any CPU
		{B7DCEF5D-9E65-48FB-BF1C-885B2836F24C}.Release|Any CPU.Build.0 = Release|Any CPU
		{7841B0DD-39CD-4A87-A9AB-293371CDEE73}.Debug|Any CPU.ActiveCfg = Debug|Any CPU
		{7841B0DD-39CD-4A87-A9AB-293371CDEE73}.Debug|Any CPU.Build.0 = Debug|Any CPU
		{7841B0DD-39CD-4A87-A9AB-293371CDEE73}.Release|Any CPU.ActiveCfg = Release|Any CPU
		{7841B0DD-39CD-4A87-A9AB-293371CDEE73}.Release|Any CPU.Build.0 = Release|Any CPU
		{B09E824E-9E49-46A2-AFD6-63D5FDC6E5EA}.Debug|Any CPU.ActiveCfg = Debug|Any CPU
		{B09E824E-9E49-46A2-AFD6-63D5FDC6E5EA}.Debug|Any CPU.Build.0 = Debug|Any CPU
		{B09E824E-9E49-46A2-AFD6-63D5FDC6E5EA}.Release|Any CPU.ActiveCfg = Release|Any CPU
		{B09E824E-9E49-46A2-AFD6-63D5FDC6E5EA}.Release|Any CPU.Build.0 = Release|Any CPU
		{C3E6BBE8-7026-493E-8E47-D9D2AC11872C}.Debug|Any CPU.ActiveCfg = Debug|Any CPU
		{C3E6BBE8-7026-493E-8E47-D9D2AC11872C}.Debug|Any CPU.Build.0 = Debug|Any CPU
		{C3E6BBE8-7026-493E-8E47-D9D2AC11872C}.Release|Any CPU.ActiveCfg = Release|Any CPU
		{C3E6BBE8-7026-493E-8E47-D9D2AC11872C}.Release|Any CPU.Build.0 = Release|Any CPU
	EndGlobalSection
	GlobalSection(SolutionProperties) = preSolution
		HideSolutionNode = FALSE
	EndGlobalSection
	GlobalSection(ExtensibilityGlobals) = postSolution
		SolutionGuid = {8657C637-4612-4590-8A49-A574DDF70F70}
	EndGlobalSection
EndGlobal
