
Microsoft Visual Studio Solution File, Format Version 12.00
# Visual Studio Version 17
VisualStudioVersion = 17.4.33213.308
MinimumVisualStudioVersion = 10.0.40219.1
Project("{FAE04EC0-301F-11D3-BF4B-00C04F79EFBC}") = "ConsoleApp7", "ConsoleApp7\ConsoleApp7.csproj", "{12DE2D4C-DA85-4FAE-8099-ED2824BA3BA6}"
EndProject
Global
	GlobalSection(SolutionConfigurationPlatforms) = preSolution
		Debug|Any CPU = Debug|Any CPU
		Release|Any CPU = Release|Any CPU
	EndGlobalSection
	GlobalSection(ProjectConfigurationPlatforms) = postSolution
		{12DE2D4C-DA85-4FAE-8099-ED2824BA3BA6}.Debug|Any CPU.ActiveCfg = Debug|Any CPU
		{12DE2D4C-DA85-4FAE-8099-ED2824BA3BA6}.Debug|Any CPU.Build.0 = Debug|Any CPU
		{12DE2D4C-DA85-4FAE-8099-ED2824BA3BA6}.Release|Any CPU.ActiveCfg = Release|Any CPU
		{12DE2D4C-DA85-4FAE-8099-ED2824BA3BA6}.Release|Any CPU.Build.0 = Release|Any CPU
	EndGlobalSection
	GlobalSection(SolutionProperties) = preSolution
		HideSolutionNode = FALSE
	EndGlobalSection
	GlobalSection(ExtensibilityGlobals) = postSolution
		SolutionGuid = {41DD920A-08B6-44A0-8F78-B8485E3694B8}
	EndGlobalSection
EndGlobal
