
Microsoft Visual Studio Solution File, Format Version 12.00
# Visual Studio Version 17
VisualStudioVersion = 17.3.32929.385
MinimumVisualStudioVersion = 10.0.40219.1
Project("{FAE04EC0-301F-11D3-BF4B-00C04F79EFBC}") = "Colections", "Colections.csproj", "{363A38B4-469A-4449-B039-87419B63B7C1}"
EndProject
Global
	GlobalSection(SolutionConfigurationPlatforms) = preSolution
		Debug|Any CPU = Debug|Any CPU
		Release|Any CPU = Release|Any CPU
	EndGlobalSection
	GlobalSection(ProjectConfigurationPlatforms) = postSolution
		{363A38B4-469A-4449-B039-87419B63B7C1}.Debug|Any CPU.ActiveCfg = Debug|Any CPU
		{363A38B4-469A-4449-B039-87419B63B7C1}.Debug|Any CPU.Build.0 = Debug|Any CPU
		{363A38B4-469A-4449-B039-87419B63B7C1}.Release|Any CPU.ActiveCfg = Release|Any CPU
		{363A38B4-469A-4449-B039-87419B63B7C1}.Release|Any CPU.Build.0 = Release|Any CPU
	EndGlobalSection
	GlobalSection(SolutionProperties) = preSolution
		HideSolutionNode = FALSE
	EndGlobalSection
	GlobalSection(ExtensibilityGlobals) = postSolution
		SolutionGuid = {0257B82D-8C0C-4B88-8492-EBB538EA39D4}
	EndGlobalSection
EndGlobal
