
Microsoft Visual Studio Solution File, Format Version 12.00
# Visual Studio Version 17
VisualStudioVersion = 17.4.33122.133
MinimumVisualStudioVersion = 10.0.40219.1
Project("{FAE04EC0-301F-11D3-BF4B-00C04F79EFBC}") = "Exercise5", "Exercise5\Exercise5.csproj", "{FBA68411-92F1-44F9-AC86-C4AD6FD5BA94}"
EndProject
Global
	GlobalSection(SolutionConfigurationPlatforms) = preSolution
		Debug|Any CPU = Debug|Any CPU
		Release|Any CPU = Release|Any CPU
	EndGlobalSection
	GlobalSection(ProjectConfigurationPlatforms) = postSolution
		{FBA68411-92F1-44F9-AC86-C4AD6FD5BA94}.Debug|Any CPU.ActiveCfg = Debug|Any CPU
		{FBA68411-92F1-44F9-AC86-C4AD6FD5BA94}.Debug|Any CPU.Build.0 = Debug|Any CPU
		{FBA68411-92F1-44F9-AC86-C4AD6FD5BA94}.Release|Any CPU.ActiveCfg = Release|Any CPU
		{FBA68411-92F1-44F9-AC86-C4AD6FD5BA94}.Release|Any CPU.Build.0 = Release|Any CPU
	EndGlobalSection
	GlobalSection(SolutionProperties) = preSolution
		HideSolutionNode = FALSE
	EndGlobalSection
	GlobalSection(ExtensibilityGlobals) = postSolution
		SolutionGuid = {46EFA2D0-C048-4DB4-8FD9-A597A4344A10}
	EndGlobalSection
EndGlobal
