
Microsoft Visual Studio Solution File, Format Version 12.00
# Visual Studio Version 17
VisualStudioVersion = 17.3.32929.385
MinimumVisualStudioVersion = 10.0.40219.1
Project("{FAE04EC0-301F-11D3-BF4B-00C04F79EFBC}") = "Combat", "Combat.csproj", "{12153C64-C419-4EF4-9441-E3EEC2BE112A}"
EndProject
Global
	GlobalSection(SolutionConfigurationPlatforms) = preSolution
		Debug|Any CPU = Debug|Any CPU
		Release|Any CPU = Release|Any CPU
	EndGlobalSection
	GlobalSection(ProjectConfigurationPlatforms) = postSolution
		{12153C64-C419-4EF4-9441-E3EEC2BE112A}.Debug|Any CPU.ActiveCfg = Debug|Any CPU
		{12153C64-C419-4EF4-9441-E3EEC2BE112A}.Debug|Any CPU.Build.0 = Debug|Any CPU
		{12153C64-C419-4EF4-9441-E3EEC2BE112A}.Release|Any CPU.ActiveCfg = Release|Any CPU
		{12153C64-C419-4EF4-9441-E3EEC2BE112A}.Release|Any CPU.Build.0 = Release|Any CPU
	EndGlobalSection
	GlobalSection(SolutionProperties) = preSolution
		HideSolutionNode = FALSE
	EndGlobalSection
	GlobalSection(ExtensibilityGlobals) = postSolution
		SolutionGuid = {9B6EDD23-B364-405C-AF68-FF2A39B70A53}
	EndGlobalSection
EndGlobal
