
Microsoft Visual Studio Solution File, Format Version 12.00
# Visual Studio Version 17
VisualStudioVersion = 17.4.33213.308
MinimumVisualStudioVersion = 10.0.40219.1
Project("{FAE04EC0-301F-11D3-BF4B-00C04F79EFBC}") = "Homework 1", "Homework 1\Homework 1.csproj", "{D3061A69-0F32-4B2B-A4A7-B507A4E486CA}"
EndProject
Global
	GlobalSection(SolutionConfigurationPlatforms) = preSolution
		Debug|Any CPU = Debug|Any CPU
		Release|Any CPU = Release|Any CPU
	EndGlobalSection
	GlobalSection(ProjectConfigurationPlatforms) = postSolution
		{D3061A69-0F32-4B2B-A4A7-B507A4E486CA}.Debug|Any CPU.ActiveCfg = Debug|Any CPU
		{D3061A69-0F32-4B2B-A4A7-B507A4E486CA}.Debug|Any CPU.Build.0 = Debug|Any CPU
		{D3061A69-0F32-4B2B-A4A7-B507A4E486CA}.Release|Any CPU.ActiveCfg = Release|Any CPU
		{D3061A69-0F32-4B2B-A4A7-B507A4E486CA}.Release|Any CPU.Build.0 = Release|Any CPU
	EndGlobalSection
	GlobalSection(SolutionProperties) = preSolution
		HideSolutionNode = FALSE
	EndGlobalSection
	GlobalSection(ExtensibilityGlobals) = postSolution
		SolutionGuid = {71982360-D389-4D75-85AD-9E79B1502D13}
	EndGlobalSection
EndGlobal
