
Microsoft Visual Studio Solution File, Format Version 12.00
# Visual Studio Version 17
VisualStudioVersion = 17.4.33213.308
MinimumVisualStudioVersion = 10.0.40219.1
Project("{9A19103F-16F7-4668-BE54-9A1E7A4F7556}") = "Tasks_1", "Tasks_1\Tasks_1.csproj", "{827C1E34-5B2D-424B-A663-CFBF1A01908D}"
EndProject
Project("{9A19103F-16F7-4668-BE54-9A1E7A4F7556}") = "Tasks_2", "Tasks_2\Tasks_2.csproj", "{1C13950A-6B5A-46E8-91A5-C2D0549CC227}"
EndProject
Project("{9A19103F-16F7-4668-BE54-9A1E7A4F7556}") = "Tasks_3", "Tasks_3\Tasks_3.csproj", "{A96CAA65-941A-4E30-BF04-437A3F1B6919}"
EndProject
Project("{9A19103F-16F7-4668-BE54-9A1E7A4F7556}") = "Tasks_4", "Tasks_4\Tasks_4.csproj", "{C0E17DB9-B6B5-41A0-938F-DE35490E7C7E}"
EndProject
Project("{9A19103F-16F7-4668-BE54-9A1E7A4F7556}") = "Tasks_5", "Tasks_5\Tasks_5.csproj", "{113F63B0-B424-4C79-80AE-7D356BF64E06}"
EndProject
Project("{9A19103F-16F7-4668-BE54-9A1E7A4F7556}") = "Tasks_6", "Tasks_6\Tasks_6.csproj", "{61A0AD1F-D855-4423-B10D-15838D7684DC}"
EndProject
Project("{9A19103F-16F7-4668-BE54-9A1E7A4F7556}") = "Tasks_7", "Tasks_7\Tasks_7.csproj", "{5F0B5CAA-3FE7-41A0-A301-C742E066EA6D}"
EndProject
Project("{9A19103F-16F7-4668-BE54-9A1E7A4F7556}") = "Tasks_8", "Tasks_8\Tasks_8.csproj", "{40BD153E-D701-4DE0-ABB7-09A35576A409}"
EndProject
Project("{9A19103F-16F7-4668-BE54-9A1E7A4F7556}") = "Tasks_9", "Tasks_9\Tasks_9.csproj", "{669DF307-3987-424F-A40A-8308121EA9D3}"
EndProject
Project("{9A19103F-16F7-4668-BE54-9A1E7A4F7556}") = "Tasks_10", "Tasks_10\Tasks_10.csproj", "{0B34D054-E467-4D4E-B338-1C7B9F159959}"
EndProject
Project("{9A19103F-16F7-4668-BE54-9A1E7A4F7556}") = "Tasks_11", "Tasks_11\Tasks_11.csproj", "{73F8DD39-B3F6-4CCF-AB6F-4AC600386F86}"
EndProject
Project("{9A19103F-16F7-4668-BE54-9A1E7A4F7556}") = "Tasks_12", "Tasks_12\Tasks_12.csproj", "{53B95D8E-6325-4CCA-8031-BE3279373990}"
EndProject
Project("{9A19103F-16F7-4668-BE54-9A1E7A4F7556}") = "Tasks_13", "Tasks_13\Tasks_13.csproj", "{C893324E-482B-42F6-819D-951D69B7AAFA}"
EndProject
Project("{FAE04EC0-301F-11D3-BF4B-00C04F79EFBC}") = "Tasks_14", "Tasks_14\Tasks_14.csproj", "{5003198D-27BF-42B7-8B60-9407B2D2ACFF}"
EndProject
Global
	GlobalSection(SolutionConfigurationPlatforms) = preSolution
		Debug|Any CPU = Debug|Any CPU
		Release|Any CPU = Release|Any CPU
	EndGlobalSection
	GlobalSection(ProjectConfigurationPlatforms) = postSolution
		{827C1E34-5B2D-424B-A663-CFBF1A01908D}.Debug|Any CPU.ActiveCfg = Debug|Any CPU
		{827C1E34-5B2D-424B-A663-CFBF1A01908D}.Debug|Any CPU.Build.0 = Debug|Any CPU
		{827C1E34-5B2D-424B-A663-CFBF1A01908D}.Release|Any CPU.ActiveCfg = Release|Any CPU
		{827C1E34-5B2D-424B-A663-CFBF1A01908D}.Release|Any CPU.Build.0 = Release|Any CPU
		{1C13950A-6B5A-46E8-91A5-C2D0549CC227}.Debug|Any CPU.ActiveCfg = Debug|Any CPU
		{1C13950A-6B5A-46E8-91A5-C2D0549CC227}.Debug|Any CPU.Build.0 = Debug|Any CPU
		{1C13950A-6B5A-46E8-91A5-C2D0549CC227}.Release|Any CPU.ActiveCfg = Release|Any CPU
		{1C13950A-6B5A-46E8-91A5-C2D0549CC227}.Release|Any CPU.Build.0 = Release|Any CPU
		{A96CAA65-941A-4E30-BF04-437A3F1B6919}.Debug|Any CPU.ActiveCfg = Debug|Any CPU
		{A96CAA65-941A-4E30-BF04-437A3F1B6919}.Debug|Any CPU.Build.0 = Debug|Any CPU
		{A96CAA65-941A-4E30-BF04-437A3F1B6919}.Release|Any CPU.ActiveCfg = Release|Any CPU
		{A96CAA65-941A-4E30-BF04-437A3F1B6919}.Release|Any CPU.Build.0 = Release|Any CPU
		{C0E17DB9-B6B5-41A0-938F-DE35490E7C7E}.Debug|Any CPU.ActiveCfg = Debug|Any CPU
		{C0E17DB9-B6B5-41A0-938F-DE35490E7C7E}.Debug|Any CPU.Build.0 = Debug|Any CPU
		{C0E17DB9-B6B5-41A0-938F-DE35490E7C7E}.Release|Any CPU.ActiveCfg = Release|Any CPU
		{C0E17DB9-B6B5-41A0-938F-DE35490E7C7E}.Release|Any CPU.Build.0 = Release|Any CPU
		{113F63B0-B424-4C79-80AE-7D356BF64E06}.Debug|Any CPU.ActiveCfg = Debug|Any CPU
		{113F63B0-B424-4C79-80AE-7D356BF64E06}.Debug|Any CPU.Build.0 = Debug|Any CPU
		{113F63B0-B424-4C79-80AE-7D356BF64E06}.Release|Any CPU.ActiveCfg = Release|Any CPU
		{113F63B0-B424-4C79-80AE-7D356BF64E06}.Release|Any CPU.Build.0 = Release|Any CPU
		{61A0AD1F-D855-4423-B10D-15838D7684DC}.Debug|Any CPU.ActiveCfg = Debug|Any CPU
		{61A0AD1F-D855-4423-B10D-15838D7684DC}.Debug|Any CPU.Build.0 = Debug|Any CPU
		{61A0AD1F-D855-4423-B10D-15838D7684DC}.Release|Any CPU.ActiveCfg = Release|Any CPU
		{61A0AD1F-D855-4423-B10D-15838D7684DC}.Release|Any CPU.Build.0 = Release|Any CPU
		{5F0B5CAA-3FE7-41A0-A301-C742E066EA6D}.Debug|Any CPU.ActiveCfg = Debug|Any CPU
		{5F0B5CAA-3FE7-41A0-A301-C742E066EA6D}.Debug|Any CPU.Build.0 = Debug|Any CPU
		{5F0B5CAA-3FE7-41A0-A301-C742E066EA6D}.Release|Any CPU.ActiveCfg = Release|Any CPU
		{5F0B5CAA-3FE7-41A0-A301-C742E066EA6D}.Release|Any CPU.Build.0 = Release|Any CPU
		{40BD153E-D701-4DE0-ABB7-09A35576A409}.Debug|Any CPU.ActiveCfg = Debug|Any CPU
		{40BD153E-D701-4DE0-ABB7-09A35576A409}.Debug|Any CPU.Build.0 = Debug|Any CPU
		{40BD153E-D701-4DE0-ABB7-09A35576A409}.Release|Any CPU.ActiveCfg = Release|Any CPU
		{40BD153E-D701-4DE0-ABB7-09A35576A409}.Release|Any CPU.Build.0 = Release|Any CPU
		{669DF307-3987-424F-A40A-8308121EA9D3}.Debug|Any CPU.ActiveCfg = Debug|Any CPU
		{669DF307-3987-424F-A40A-8308121EA9D3}.Debug|Any CPU.Build.0 = Debug|Any CPU
		{669DF307-3987-424F-A40A-8308121EA9D3}.Release|Any CPU.ActiveCfg = Release|Any CPU
		{669DF307-3987-424F-A40A-8308121EA9D3}.Release|Any CPU.Build.0 = Release|Any CPU
		{0B34D054-E467-4D4E-B338-1C7B9F159959}.Debug|Any CPU.ActiveCfg = Debug|Any CPU
		{0B34D054-E467-4D4E-B338-1C7B9F159959}.Debug|Any CPU.Build.0 = Debug|Any CPU
		{0B34D054-E467-4D4E-B338-1C7B9F159959}.Release|Any CPU.ActiveCfg = Release|Any CPU
		{0B34D054-E467-4D4E-B338-1C7B9F159959}.Release|Any CPU.Build.0 = Release|Any CPU
		{73F8DD39-B3F6-4CCF-AB6F-4AC600386F86}.Debug|Any CPU.ActiveCfg = Debug|Any CPU
		{73F8DD39-B3F6-4CCF-AB6F-4AC600386F86}.Debug|Any CPU.Build.0 = Debug|Any CPU
		{73F8DD39-B3F6-4CCF-AB6F-4AC600386F86}.Release|Any CPU.ActiveCfg = Release|Any CPU
		{73F8DD39-B3F6-4CCF-AB6F-4AC600386F86}.Release|Any CPU.Build.0 = Release|Any CPU
		{53B95D8E-6325-4CCA-8031-BE3279373990}.Debug|Any CPU.ActiveCfg = Debug|Any CPU
		{53B95D8E-6325-4CCA-8031-BE3279373990}.Debug|Any CPU.Build.0 = Debug|Any CPU
		{53B95D8E-6325-4CCA-8031-BE3279373990}.Release|Any CPU.ActiveCfg = Release|Any CPU
		{53B95D8E-6325-4CCA-8031-BE3279373990}.Release|Any CPU.Build.0 = Release|Any CPU
		{C893324E-482B-42F6-819D-951D69B7AAFA}.Debug|Any CPU.ActiveCfg = Debug|Any CPU
		{C893324E-482B-42F6-819D-951D69B7AAFA}.Debug|Any CPU.Build.0 = Debug|Any CPU
		{C893324E-482B-42F6-819D-951D69B7AAFA}.Release|Any CPU.ActiveCfg = Release|Any CPU
		{C893324E-482B-42F6-819D-951D69B7AAFA}.Release|Any CPU.Build.0 = Release|Any CPU
		{5003198D-27BF-42B7-8B60-9407B2D2ACFF}.Debug|Any CPU.ActiveCfg = Debug|Any CPU
		{5003198D-27BF-42B7-8B60-9407B2D2ACFF}.Debug|Any CPU.Build.0 = Debug|Any CPU
		{5003198D-27BF-42B7-8B60-9407B2D2ACFF}.Release|Any CPU.ActiveCfg = Release|Any CPU
		{5003198D-27BF-42B7-8B60-9407B2D2ACFF}.Release|Any CPU.Build.0 = Release|Any CPU
	EndGlobalSection
	GlobalSection(SolutionProperties) = preSolution
		HideSolutionNode = FALSE
	EndGlobalSection
	GlobalSection(ExtensibilityGlobals) = postSolution
		SolutionGuid = {D719CBDE-AD9F-4478-9A76-3D4D14C0F704}
	EndGlobalSection
EndGlobal
