
Microsoft Visual Studio Solution File, Format Version 12.00
# Visual Studio Version 17
VisualStudioVersion = 17.4.33213.308
MinimumVisualStudioVersion = 10.0.40219.1
Project("{FAE04EC0-301F-11D3-BF4B-00C04F79EFBC}") = "Snake", "Snake\Snake.csproj", "{79CBF039-5AE7-4F99-BE71-8CE129A96B98}"
EndProject
Global
	GlobalSection(SolutionConfigurationPlatforms) = preSolution
		Debug|Any CPU = Debug|Any CPU
		Release|Any CPU = Release|Any CPU
	EndGlobalSection
	GlobalSection(ProjectConfigurationPlatforms) = postSolution
		{79CBF039-5AE7-4F99-BE71-8CE129A96B98}.Debug|Any CPU.ActiveCfg = Debug|Any CPU
		{79CBF039-5AE7-4F99-BE71-8CE129A96B98}.Debug|Any CPU.Build.0 = Debug|Any CPU
		{79CBF039-5AE7-4F99-BE71-8CE129A96B98}.Release|Any CPU.ActiveCfg = Release|Any CPU
		{79CBF039-5AE7-4F99-BE71-8CE129A96B98}.Release|Any CPU.Build.0 = Release|Any CPU
	EndGlobalSection
	GlobalSection(SolutionProperties) = preSolution
		HideSolutionNode = FALSE
	EndGlobalSection
	GlobalSection(ExtensibilityGlobals) = postSolution
		SolutionGuid = {4B26E9DC-FF12-457A-BC19-E82A1C80F86D}
	EndGlobalSection
EndGlobal
