
Microsoft Visual Studio Solution File, Format Version 12.00
# Visual Studio Version 17
VisualStudioVersion = 17.4.33122.133
MinimumVisualStudioVersion = 10.0.40219.1
Project("{FAE04EC0-301F-11D3-BF4B-00C04F79EFBC}") = "Exercise1", "Exercise1\Exercise1.csproj", "{675C6FD2-0A6F-4630-9B65-94EC0299B423}"
EndProject
Global
	GlobalSection(SolutionConfigurationPlatforms) = preSolution
		Debug|Any CPU = Debug|Any CPU
		Release|Any CPU = Release|Any CPU
	EndGlobalSection
	GlobalSection(ProjectConfigurationPlatforms) = postSolution
		{675C6FD2-0A6F-4630-9B65-94EC0299B423}.Debug|Any CPU.ActiveCfg = Debug|Any CPU
		{675C6FD2-0A6F-4630-9B65-94EC0299B423}.Debug|Any CPU.Build.0 = Debug|Any CPU
		{675C6FD2-0A6F-4630-9B65-94EC0299B423}.Release|Any CPU.ActiveCfg = Release|Any CPU
		{675C6FD2-0A6F-4630-9B65-94EC0299B423}.Release|Any CPU.Build.0 = Release|Any CPU
	EndGlobalSection
	GlobalSection(SolutionProperties) = preSolution
		HideSolutionNode = FALSE
	EndGlobalSection
	GlobalSection(ExtensibilityGlobals) = postSolution
		SolutionGuid = {086CE640-D004-48EC-A25B-45AD7A81360A}
	EndGlobalSection
EndGlobal
