
Microsoft Visual Studio Solution File, Format Version 12.00
# Visual Studio Version 17
VisualStudioVersion = 17.3.32929.385
MinimumVisualStudioVersion = 10.0.40219.1
Project("{FAE04EC0-301F-11D3-BF4B-00C04F79EFBC}") = "Task_OOP_weapons", "Task_OOP_weapons\Task_OOP_weapons.csproj", "{2CD6BAE9-6D96-4427-82FC-7CBF3920EC23}"
EndProject
Project("{FAE04EC0-301F-11D3-BF4B-00C04F79EFBC}") = "Task_class_ctor", "Task_class_ctor\Task_class_ctor.csproj", "{08C24F30-FEF9-4563-AA94-FF1EB7EBB3B8}"
EndProject
Global
	GlobalSection(SolutionConfigurationPlatforms) = preSolution
		Debug|Any CPU = Debug|Any CPU
		Release|Any CPU = Release|Any CPU
	EndGlobalSection
	GlobalSection(ProjectConfigurationPlatforms) = postSolution
		{2CD6BAE9-6D96-4427-82FC-7CBF3920EC23}.Debug|Any CPU.ActiveCfg = Debug|Any CPU
		{2CD6BAE9-6D96-4427-82FC-7CBF3920EC23}.Debug|Any CPU.Build.0 = Debug|Any CPU
		{2CD6BAE9-6D96-4427-82FC-7CBF3920EC23}.Release|Any CPU.ActiveCfg = Release|Any CPU
		{2CD6BAE9-6D96-4427-82FC-7CBF3920EC23}.Release|Any CPU.Build.0 = Release|Any CPU
		{08C24F30-FEF9-4563-AA94-FF1EB7EBB3B8}.Debug|Any CPU.ActiveCfg = Debug|Any CPU
		{08C24F30-FEF9-4563-AA94-FF1EB7EBB3B8}.Debug|Any CPU.Build.0 = Debug|Any CPU
		{08C24F30-FEF9-4563-AA94-FF1EB7EBB3B8}.Release|Any CPU.ActiveCfg = Release|Any CPU
		{08C24F30-FEF9-4563-AA94-FF1EB7EBB3B8}.Release|Any CPU.Build.0 = Release|Any CPU
	EndGlobalSection
	GlobalSection(SolutionProperties) = preSolution
		HideSolutionNode = FALSE
	EndGlobalSection
	GlobalSection(ExtensibilityGlobals) = postSolution
		SolutionGuid = {309AFF00-E2BC-4184-833A-EE3C0EF38279}
	EndGlobalSection
EndGlobal
