
Microsoft Visual Studio Solution File, Format Version 12.00
# Visual Studio Version 17
VisualStudioVersion = 17.3.32929.385
MinimumVisualStudioVersion = 10.0.40219.1
Project("{FAE04EC0-301F-11D3-BF4B-00C04F79EFBC}") = "Factory", "Factory.csproj", "{1E9932AA-3C9C-4DF3-91E1-0C299B762C15}"
EndProject
Global
	GlobalSection(SolutionConfigurationPlatforms) = preSolution
		Debug|Any CPU = Debug|Any CPU
		Release|Any CPU = Release|Any CPU
	EndGlobalSection
	GlobalSection(ProjectConfigurationPlatforms) = postSolution
		{1E9932AA-3C9C-4DF3-91E1-0C299B762C15}.Debug|Any CPU.ActiveCfg = Debug|Any CPU
		{1E9932AA-3C9C-4DF3-91E1-0C299B762C15}.Debug|Any CPU.Build.0 = Debug|Any CPU
		{1E9932AA-3C9C-4DF3-91E1-0C299B762C15}.Release|Any CPU.ActiveCfg = Release|Any CPU
		{1E9932AA-3C9C-4DF3-91E1-0C299B762C15}.Release|Any CPU.Build.0 = Release|Any CPU
	EndGlobalSection
	GlobalSection(SolutionProperties) = preSolution
		HideSolutionNode = FALSE
	EndGlobalSection
	GlobalSection(ExtensibilityGlobals) = postSolution
		SolutionGuid = {7A5F9C6C-CD88-4C79-8950-4078FB769EDB}
	EndGlobalSection
EndGlobal
