
Microsoft Visual Studio Solution File, Format Version 12.00
# Visual Studio Version 17
VisualStudioVersion = 17.3.32825.248
MinimumVisualStudioVersion = 10.0.40219.1
Project("{FAE04EC0-301F-11D3-BF4B-00C04F79EFBC}") = "string", "string\string.csproj", "{6B9A3F45-3E5E-4BA1-B7A4-6169AAF37A05}"
EndProject
Global
	GlobalSection(SolutionConfigurationPlatforms) = preSolution
		Debug|Any CPU = Debug|Any CPU
		Release|Any CPU = Release|Any CPU
	EndGlobalSection
	GlobalSection(ProjectConfigurationPlatforms) = postSolution
		{6B9A3F45-3E5E-4BA1-B7A4-6169AAF37A05}.Debug|Any CPU.ActiveCfg = Debug|Any CPU
		{6B9A3F45-3E5E-4BA1-B7A4-6169AAF37A05}.Debug|Any CPU.Build.0 = Debug|Any CPU
		{6B9A3F45-3E5E-4BA1-B7A4-6169AAF37A05}.Release|Any CPU.ActiveCfg = Release|Any CPU
		{6B9A3F45-3E5E-4BA1-B7A4-6169AAF37A05}.Release|Any CPU.Build.0 = Release|Any CPU
	EndGlobalSection
	GlobalSection(SolutionProperties) = preSolution
		HideSolutionNode = FALSE
	EndGlobalSection
	GlobalSection(ExtensibilityGlobals) = postSolution
		SolutionGuid = {965B5123-D206-4109-95DB-A6B4CF65C04E}
	EndGlobalSection
EndGlobal
