
Microsoft Visual Studio Solution File, Format Version 12.00
# Visual Studio Version 17
VisualStudioVersion = 17.4.33213.308
MinimumVisualStudioVersion = 10.0.40219.1
Project("{9A19103F-16F7-4668-BE54-9A1E7A4F7556}") = "Task1", "Task1.Console\Task1.csproj", "{2BB61C94-65A3-48CF-A4F6-1EDC7CE19FBB}"
EndProject
Project("{9A19103F-16F7-4668-BE54-9A1E7A4F7556}") = "Task2", "Task2\Task2.csproj", "{B3EFD9E5-169C-4D88-BF86-3D7F09DD8330}"
EndProject
Project("{9A19103F-16F7-4668-BE54-9A1E7A4F7556}") = "Task3", "Task3\Task3.csproj", "{9A397F4A-03BA-4D3E-AD21-E2DF5419C828}"
EndProject
Project("{9A19103F-16F7-4668-BE54-9A1E7A4F7556}") = "Task4", "Task4\Task4.csproj", "{34B982E2-528C-4675-A802-82DF503EC27B}"
EndProject
Project("{9A19103F-16F7-4668-BE54-9A1E7A4F7556}") = "Task5", "Task5\Task5.csproj", "{8B1A31B4-F1CD-466D-8A5B-03E8DC49B0F3}"
EndProject
Project("{9A19103F-16F7-4668-BE54-9A1E7A4F7556}") = "Task6", "Task6\Task6.csproj", "{78876B8D-0E5B-4B90-8D2A-3E2A0775B798}"
EndProject
Project("{9A19103F-16F7-4668-BE54-9A1E7A4F7556}") = "Task7", "Task7\Task7.csproj", "{9FA86D69-148E-4F13-A953-348F684D78AB}"
EndProject
Project("{9A19103F-16F7-4668-BE54-9A1E7A4F7556}") = "Task8", "Task8\Task8.csproj", "{DDC37739-3A74-499A-BC0A-F2DBF76F1FCB}"
EndProject
Project("{9A19103F-16F7-4668-BE54-9A1E7A4F7556}") = "Task9", "Task9\Task9.csproj", "{08CAE8E5-582B-4C32-8930-0FC14BEB66C2}"
EndProject
Project("{FAE04EC0-301F-11D3-BF4B-00C04F79EFBC}") = "Task10", "Task10\Task10.csproj", "{878FE537-1156-436C-A4AE-E08CA31D2862}"
EndProject
Global
	GlobalSection(SolutionConfigurationPlatforms) = preSolution
		Debug|Any CPU = Debug|Any CPU
		Release|Any CPU = Release|Any CPU
	EndGlobalSection
	GlobalSection(ProjectConfigurationPlatforms) = postSolution
		{2BB61C94-65A3-48CF-A4F6-1EDC7CE19FBB}.Debug|Any CPU.ActiveCfg = Debug|Any CPU
		{2BB61C94-65A3-48CF-A4F6-1EDC7CE19FBB}.Debug|Any CPU.Build.0 = Debug|Any CPU
		{2BB61C94-65A3-48CF-A4F6-1EDC7CE19FBB}.Release|Any CPU.ActiveCfg = Release|Any CPU
		{2BB61C94-65A3-48CF-A4F6-1EDC7CE19FBB}.Release|Any CPU.Build.0 = Release|Any CPU
		{B3EFD9E5-169C-4D88-BF86-3D7F09DD8330}.Debug|Any CPU.ActiveCfg = Debug|Any CPU
		{B3EFD9E5-169C-4D88-BF86-3D7F09DD8330}.Debug|Any CPU.Build.0 = Debug|Any CPU
		{B3EFD9E5-169C-4D88-BF86-3D7F09DD8330}.Release|Any CPU.ActiveCfg = Release|Any CPU
		{B3EFD9E5-169C-4D88-BF86-3D7F09DD8330}.Release|Any CPU.Build.0 = Release|Any CPU
		{9A397F4A-03BA-4D3E-AD21-E2DF5419C828}.Debug|Any CPU.ActiveCfg = Debug|Any CPU
		{9A397F4A-03BA-4D3E-AD21-E2DF5419C828}.Debug|Any CPU.Build.0 = Debug|Any CPU
		{9A397F4A-03BA-4D3E-AD21-E2DF5419C828}.Release|Any CPU.ActiveCfg = Release|Any CPU
		{9A397F4A-03BA-4D3E-AD21-E2DF5419C828}.Release|Any CPU.Build.0 = Release|Any CPU
		{34B982E2-528C-4675-A802-82DF503EC27B}.Debug|Any CPU.ActiveCfg = Debug|Any CPU
		{34B982E2-528C-4675-A802-82DF503EC27B}.Debug|Any CPU.Build.0 = Debug|Any CPU
		{34B982E2-528C-4675-A802-82DF503EC27B}.Release|Any CPU.ActiveCfg = Release|Any CPU
		{34B982E2-528C-4675-A802-82DF503EC27B}.Release|Any CPU.Build.0 = Release|Any CPU
		{8B1A31B4-F1CD-466D-8A5B-03E8DC49B0F3}.Debug|Any CPU.ActiveCfg = Debug|Any CPU
		{8B1A31B4-F1CD-466D-8A5B-03E8DC49B0F3}.Debug|Any CPU.Build.0 = Debug|Any CPU
		{8B1A31B4-F1CD-466D-8A5B-03E8DC49B0F3}.Release|Any CPU.ActiveCfg = Release|Any CPU
		{8B1A31B4-F1CD-466D-8A5B-03E8DC49B0F3}.Release|Any CPU.Build.0 = Release|Any CPU
		{78876B8D-0E5B-4B90-8D2A-3E2A0775B798}.Debug|Any CPU.ActiveCfg = Debug|Any CPU
		{78876B8D-0E5B-4B90-8D2A-3E2A0775B798}.Debug|Any CPU.Build.0 = Debug|Any CPU
		{78876B8D-0E5B-4B90-8D2A-3E2A0775B798}.Release|Any CPU.ActiveCfg = Release|Any CPU
		{78876B8D-0E5B-4B90-8D2A-3E2A0775B798}.Release|Any CPU.Build.0 = Release|Any CPU
		{9FA86D69-148E-4F13-A953-348F684D78AB}.Debug|Any CPU.ActiveCfg = Debug|Any CPU
		{9FA86D69-148E-4F13-A953-348F684D78AB}.Debug|Any CPU.Build.0 = Debug|Any CPU
		{9FA86D69-148E-4F13-A953-348F684D78AB}.Release|Any CPU.ActiveCfg = Release|Any CPU
		{9FA86D69-148E-4F13-A953-348F684D78AB}.Release|Any CPU.Build.0 = Release|Any CPU
		{DDC37739-3A74-499A-BC0A-F2DBF76F1FCB}.Debug|Any CPU.ActiveCfg = Debug|Any CPU
		{DDC37739-3A74-499A-BC0A-F2DBF76F1FCB}.Debug|Any CPU.Build.0 = Debug|Any CPU
		{DDC37739-3A74-499A-BC0A-F2DBF76F1FCB}.Release|Any CPU.ActiveCfg = Release|Any CPU
		{DDC37739-3A74-499A-BC0A-F2DBF76F1FCB}.Release|Any CPU.Build.0 = Release|Any CPU
		{08CAE8E5-582B-4C32-8930-0FC14BEB66C2}.Debug|Any CPU.ActiveCfg = Debug|Any CPU
		{08CAE8E5-582B-4C32-8930-0FC14BEB66C2}.Debug|Any CPU.Build.0 = Debug|Any CPU
		{08CAE8E5-582B-4C32-8930-0FC14BEB66C2}.Release|Any CPU.ActiveCfg = Release|Any CPU
		{08CAE8E5-582B-4C32-8930-0FC14BEB66C2}.Release|Any CPU.Build.0 = Release|Any CPU
		{878FE537-1156-436C-A4AE-E08CA31D2862}.Debug|Any CPU.ActiveCfg = Debug|Any CPU
		{878FE537-1156-436C-A4AE-E08CA31D2862}.Debug|Any CPU.Build.0 = Debug|Any CPU
		{878FE537-1156-436C-A4AE-E08CA31D2862}.Release|Any CPU.ActiveCfg = Release|Any CPU
		{878FE537-1156-436C-A4AE-E08CA31D2862}.Release|Any CPU.Build.0 = Release|Any CPU
	EndGlobalSection
	GlobalSection(SolutionProperties) = preSolution
		HideSolutionNode = FALSE
	EndGlobalSection
	GlobalSection(ExtensibilityGlobals) = postSolution
		SolutionGuid = {36E0A826-CE2C-474B-A8F6-A8AABDF8AE25}
	EndGlobalSection
EndGlobal
