
Microsoft Visual Studio Solution File, Format Version 12.00
# Visual Studio Version 17
VisualStudioVersion = 17.4.33213.308
MinimumVisualStudioVersion = 10.0.40219.1
Project("{9A19103F-16F7-4668-BE54-9A1E7A4F7556}") = "task_2", "task_2\task_2.csproj", "{94D003C8-0B5F-42EF-A4C3-C34E5C1FE6A7}"
EndProject
Project("{FAE04EC0-301F-11D3-BF4B-00C04F79EFBC}") = "task_3", "task_3\task_3.csproj", "{EF8D08C7-7ADD-47B3-BCCF-B88BF4CF3CCE}"
EndProject
Project("{FAE04EC0-301F-11D3-BF4B-00C04F79EFBC}") = "task_4", "task_4\task_4.csproj", "{D1EE2FDE-B29F-4369-9966-FAFA5B46255D}"
EndProject
Project("{FAE04EC0-301F-11D3-BF4B-00C04F79EFBC}") = "task_5", "task_5\task_5.csproj", "{79A8F957-B2B5-4CD9-9B05-9BD4BE711460}"
EndProject
Project("{FAE04EC0-301F-11D3-BF4B-00C04F79EFBC}") = "task_6", "task_6\task_6.csproj", "{377DA89C-8476-4D61-AD65-9A241A43A2E6}"
EndProject
Global
	GlobalSection(SolutionConfigurationPlatforms) = preSolution
		Debug|Any CPU = Debug|Any CPU
		Release|Any CPU = Release|Any CPU
	EndGlobalSection
	GlobalSection(ProjectConfigurationPlatforms) = postSolution
		{94D003C8-0B5F-42EF-A4C3-C34E5C1FE6A7}.Debug|Any CPU.ActiveCfg = Debug|Any CPU
		{94D003C8-0B5F-42EF-A4C3-C34E5C1FE6A7}.Debug|Any CPU.Build.0 = Debug|Any CPU
		{94D003C8-0B5F-42EF-A4C3-C34E5C1FE6A7}.Release|Any CPU.ActiveCfg = Release|Any CPU
		{94D003C8-0B5F-42EF-A4C3-C34E5C1FE6A7}.Release|Any CPU.Build.0 = Release|Any CPU
		{EF8D08C7-7ADD-47B3-BCCF-B88BF4CF3CCE}.Debug|Any CPU.ActiveCfg = Debug|Any CPU
		{EF8D08C7-7ADD-47B3-BCCF-B88BF4CF3CCE}.Debug|Any CPU.Build.0 = Debug|Any CPU
		{EF8D08C7-7ADD-47B3-BCCF-B88BF4CF3CCE}.Release|Any CPU.ActiveCfg = Release|Any CPU
		{EF8D08C7-7ADD-47B3-BCCF-B88BF4CF3CCE}.Release|Any CPU.Build.0 = Release|Any CPU
		{D1EE2FDE-B29F-4369-9966-FAFA5B46255D}.Debug|Any CPU.ActiveCfg = Debug|Any CPU
		{D1EE2FDE-B29F-4369-9966-FAFA5B46255D}.Debug|Any CPU.Build.0 = Debug|Any CPU
		{D1EE2FDE-B29F-4369-9966-FAFA5B46255D}.Release|Any CPU.ActiveCfg = Release|Any CPU
		{D1EE2FDE-B29F-4369-9966-FAFA5B46255D}.Release|Any CPU.Build.0 = Release|Any CPU
		{79A8F957-B2B5-4CD9-9B05-9BD4BE711460}.Debug|Any CPU.ActiveCfg = Debug|Any CPU
		{79A8F957-B2B5-4CD9-9B05-9BD4BE711460}.Debug|Any CPU.Build.0 = Debug|Any CPU
		{79A8F957-B2B5-4CD9-9B05-9BD4BE711460}.Release|Any CPU.ActiveCfg = Release|Any CPU
		{79A8F957-B2B5-4CD9-9B05-9BD4BE711460}.Release|Any CPU.Build.0 = Release|Any CPU
		{377DA89C-8476-4D61-AD65-9A241A43A2E6}.Debug|Any CPU.ActiveCfg = Debug|Any CPU
		{377DA89C-8476-4D61-AD65-9A241A43A2E6}.Debug|Any CPU.Build.0 = Debug|Any CPU
		{377DA89C-8476-4D61-AD65-9A241A43A2E6}.Release|Any CPU.ActiveCfg = Release|Any CPU
		{377DA89C-8476-4D61-AD65-9A241A43A2E6}.Release|Any CPU.Build.0 = Release|Any CPU
	EndGlobalSection
	GlobalSection(SolutionProperties) = preSolution
		HideSolutionNode = FALSE
	EndGlobalSection
	GlobalSection(ExtensibilityGlobals) = postSolution
		SolutionGuid = {6B68C384-7855-446A-B345-7E0D9A81F458}
	EndGlobalSection
EndGlobal
