
Microsoft Visual Studio Solution File, Format Version 12.00
# Visual Studio Version 17
VisualStudioVersion = 17.3.32825.248
MinimumVisualStudioVersion = 10.0.40219.1
Project("{FAE04EC0-301F-11D3-BF4B-00C04F79EFBC}") = "TaskMasivi", "TaskMasivi\TaskMasivi.csproj", "{414CA74B-36A9-4FDD-B023-D4E516EC7173}"
EndProject
Global
	GlobalSection(SolutionConfigurationPlatforms) = preSolution
		Debug|Any CPU = Debug|Any CPU
		Release|Any CPU = Release|Any CPU
	EndGlobalSection
	GlobalSection(ProjectConfigurationPlatforms) = postSolution
		{414CA74B-36A9-4FDD-B023-D4E516EC7173}.Debug|Any CPU.ActiveCfg = Debug|Any CPU
		{414CA74B-36A9-4FDD-B023-D4E516EC7173}.Debug|Any CPU.Build.0 = Debug|Any CPU
		{414CA74B-36A9-4FDD-B023-D4E516EC7173}.Release|Any CPU.ActiveCfg = Release|Any CPU
		{414CA74B-36A9-4FDD-B023-D4E516EC7173}.Release|Any CPU.Build.0 = Release|Any CPU
	EndGlobalSection
	GlobalSection(SolutionProperties) = preSolution
		HideSolutionNode = FALSE
	EndGlobalSection
	GlobalSection(ExtensibilityGlobals) = postSolution
		SolutionGuid = {225BA8B6-6172-4754-9CC2-9B059FB2E361}
	EndGlobalSection
EndGlobal
