
Microsoft Visual Studio Solution File, Format Version 12.00
# Visual Studio Version 17
VisualStudioVersion = 17.4.33110.190
MinimumVisualStudioVersion = 10.0.40219.1
Project("{FAE04EC0-301F-11D3-BF4B-00C04F79EFBC}") = "HW15", "HW15\HW15.csproj", "{02C59C63-5320-4C4B-AEC2-5CDE905C7C4C}"
EndProject
Global
	GlobalSection(SolutionConfigurationPlatforms) = preSolution
		Debug|Any CPU = Debug|Any CPU
		Release|Any CPU = Release|Any CPU
	EndGlobalSection
	GlobalSection(ProjectConfigurationPlatforms) = postSolution
		{02C59C63-5320-4C4B-AEC2-5CDE905C7C4C}.Debug|Any CPU.ActiveCfg = Debug|Any CPU
		{02C59C63-5320-4C4B-AEC2-5CDE905C7C4C}.Debug|Any CPU.Build.0 = Debug|Any CPU
		{02C59C63-5320-4C4B-AEC2-5CDE905C7C4C}.Release|Any CPU.ActiveCfg = Release|Any CPU
		{02C59C63-5320-4C4B-AEC2-5CDE905C7C4C}.Release|Any CPU.Build.0 = Release|Any CPU
	EndGlobalSection
	GlobalSection(SolutionProperties) = preSolution
		HideSolutionNode = FALSE
	EndGlobalSection
	GlobalSection(ExtensibilityGlobals) = postSolution
		SolutionGuid = {28711810-97B6-4396-8BA9-C2EF10FA63FB}
	EndGlobalSection
EndGlobal
