
Microsoft Visual Studio Solution File, Format Version 12.00
# Visual Studio Version 17
VisualStudioVersion = 17.3.32901.215
MinimumVisualStudioVersion = 10.0.40219.1
Project("{9A19103F-16F7-4668-BE54-9A1E7A4F7556}") = "01_base", "01_base\01_base.csproj", "{8FC214A4-F9EE-4F3B-AC42-40ABDD812C2B}"
EndProject
Project("{9A19103F-16F7-4668-BE54-9A1E7A4F7556}") = "02_data_types", "02_data_types\02_data_types.csproj", "{B82C153F-AF0B-4BFF-9D46-EEE0E7DFA2EF}"
EndProject
Project("{9A19103F-16F7-4668-BE54-9A1E7A4F7556}") = "03_enums", "03_enums\03_enums.csproj", "{FAD09C6C-9711-45EF-8853-AF87655B299B}"
EndProject
Project("{9A19103F-16F7-4668-BE54-9A1E7A4F7556}") = "06_arrays", "04_Arrays\06_arrays.csproj", "{468BDCFC-D766-4C4E-9A88-5E6553079D67}"
EndProject
Project("{9A19103F-16F7-4668-BE54-9A1E7A4F7556}") = "05_cycles", "05_cycles\05_cycles.csproj", "{5642FDB1-F69B-413F-8BB3-5CD443461AD7}"
EndProject
Project("{9A19103F-16F7-4668-BE54-9A1E7A4F7556}") = "04_logic", "04_logic\04_logic.csproj", "{CA3E59C7-138C-4A10-AA67-00645F65DD31}"
EndProject
Project("{9A19103F-16F7-4668-BE54-9A1E7A4F7556}") = "07_strings", "07_strings\07_strings.csproj", "{23789A62-7C0E-4E57-9873-724C803B3936}"
EndProject
Project("{9A19103F-16F7-4668-BE54-9A1E7A4F7556}") = "08_string_builder", "08_string_builder\08_string_builder.csproj", "{E0E44F24-930F-4414-A107-AC0FF6F1E75C}"
EndProject
Project("{9A19103F-16F7-4668-BE54-9A1E7A4F7556}") = "09_classes", "09_classes\09_classes.csproj", "{353F3128-9825-430F-9DAC-7DD2EC5C31E9}"
EndProject
Project("{FAE04EC0-301F-11D3-BF4B-00C04F79EFBC}") = "10_classes_part_2", "10_classes_part_2\10_classes_part_2.csproj", "{668819B4-3B30-44D6-8A9B-E075E5EAE4A6}"
EndProject
Global
	GlobalSection(SolutionConfigurationPlatforms) = preSolution
		Debug|Any CPU = Debug|Any CPU
		Release|Any CPU = Release|Any CPU
	EndGlobalSection
	GlobalSection(ProjectConfigurationPlatforms) = postSolution
		{8FC214A4-F9EE-4F3B-AC42-40ABDD812C2B}.Debug|Any CPU.ActiveCfg = Debug|Any CPU
		{8FC214A4-F9EE-4F3B-AC42-40ABDD812C2B}.Debug|Any CPU.Build.0 = Debug|Any CPU
		{8FC214A4-F9EE-4F3B-AC42-40ABDD812C2B}.Release|Any CPU.ActiveCfg = Release|Any CPU
		{8FC214A4-F9EE-4F3B-AC42-40ABDD812C2B}.Release|Any CPU.Build.0 = Release|Any CPU
		{B82C153F-AF0B-4BFF-9D46-EEE0E7DFA2EF}.Debug|Any CPU.ActiveCfg = Debug|Any CPU
		{B82C153F-AF0B-4BFF-9D46-EEE0E7DFA2EF}.Debug|Any CPU.Build.0 = Debug|Any CPU
		{B82C153F-AF0B-4BFF-9D46-EEE0E7DFA2EF}.Release|Any CPU.ActiveCfg = Release|Any CPU
		{B82C153F-AF0B-4BFF-9D46-EEE0E7DFA2EF}.Release|Any CPU.Build.0 = Release|Any CPU
		{FAD09C6C-9711-45EF-8853-AF87655B299B}.Debug|Any CPU.ActiveCfg = Debug|Any CPU
		{FAD09C6C-9711-45EF-8853-AF87655B299B}.Debug|Any CPU.Build.0 = Debug|Any CPU
		{FAD09C6C-9711-45EF-8853-AF87655B299B}.Release|Any CPU.ActiveCfg = Release|Any CPU
		{FAD09C6C-9711-45EF-8853-AF87655B299B}.Release|Any CPU.Build.0 = Release|Any CPU
		{468BDCFC-D766-4C4E-9A88-5E6553079D67}.Debug|Any CPU.ActiveCfg = Debug|Any CPU
		{468BDCFC-D766-4C4E-9A88-5E6553079D67}.Debug|Any CPU.Build.0 = Debug|Any CPU
		{468BDCFC-D766-4C4E-9A88-5E6553079D67}.Release|Any CPU.ActiveCfg = Release|Any CPU
		{468BDCFC-D766-4C4E-9A88-5E6553079D67}.Release|Any CPU.Build.0 = Release|Any CPU
		{5642FDB1-F69B-413F-8BB3-5CD443461AD7}.Debug|Any CPU.ActiveCfg = Debug|Any CPU
		{5642FDB1-F69B-413F-8BB3-5CD443461AD7}.Debug|Any CPU.Build.0 = Debug|Any CPU
		{5642FDB1-F69B-413F-8BB3-5CD443461AD7}.Release|Any CPU.ActiveCfg = Release|Any CPU
		{5642FDB1-F69B-413F-8BB3-5CD443461AD7}.Release|Any CPU.Build.0 = Release|Any CPU
		{CA3E59C7-138C-4A10-AA67-00645F65DD31}.Debug|Any CPU.ActiveCfg = Debug|Any CPU
		{CA3E59C7-138C-4A10-AA67-00645F65DD31}.Debug|Any CPU.Build.0 = Debug|Any CPU
		{CA3E59C7-138C-4A10-AA67-00645F65DD31}.Release|Any CPU.ActiveCfg = Release|Any CPU
		{CA3E59C7-138C-4A10-AA67-00645F65DD31}.Release|Any CPU.Build.0 = Release|Any CPU
		{23789A62-7C0E-4E57-9873-724C803B3936}.Debug|Any CPU.ActiveCfg = Debug|Any CPU
		{23789A62-7C0E-4E57-9873-724C803B3936}.Debug|Any CPU.Build.0 = Debug|Any CPU
		{23789A62-7C0E-4E57-9873-724C803B3936}.Release|Any CPU.ActiveCfg = Release|Any CPU
		{23789A62-7C0E-4E57-9873-724C803B3936}.Release|Any CPU.Build.0 = Release|Any CPU
		{E0E44F24-930F-4414-A107-AC0FF6F1E75C}.Debug|Any CPU.ActiveCfg = Debug|Any CPU
		{E0E44F24-930F-4414-A107-AC0FF6F1E75C}.Debug|Any CPU.Build.0 = Debug|Any CPU
		{E0E44F24-930F-4414-A107-AC0FF6F1E75C}.Release|Any CPU.ActiveCfg = Release|Any CPU
		{E0E44F24-930F-4414-A107-AC0FF6F1E75C}.Release|Any CPU.Build.0 = Release|Any CPU
		{353F3128-9825-430F-9DAC-7DD2EC5C31E9}.Debug|Any CPU.ActiveCfg = Debug|Any CPU
		{353F3128-9825-430F-9DAC-7DD2EC5C31E9}.Debug|Any CPU.Build.0 = Debug|Any CPU
		{353F3128-9825-430F-9DAC-7DD2EC5C31E9}.Release|Any CPU.ActiveCfg = Release|Any CPU
		{353F3128-9825-430F-9DAC-7DD2EC5C31E9}.Release|Any CPU.Build.0 = Release|Any CPU
		{668819B4-3B30-44D6-8A9B-E075E5EAE4A6}.Debug|Any CPU.ActiveCfg = Debug|Any CPU
		{668819B4-3B30-44D6-8A9B-E075E5EAE4A6}.Debug|Any CPU.Build.0 = Debug|Any CPU
		{668819B4-3B30-44D6-8A9B-E075E5EAE4A6}.Release|Any CPU.ActiveCfg = Release|Any CPU
		{668819B4-3B30-44D6-8A9B-E075E5EAE4A6}.Release|Any CPU.Build.0 = Release|Any CPU
	EndGlobalSection
	GlobalSection(SolutionProperties) = preSolution
		HideSolutionNode = FALSE
	EndGlobalSection
	GlobalSection(ExtensibilityGlobals) = postSolution
		SolutionGuid = {27815F62-82E6-4850-B9EA-DEEBF5CE06C9}
	EndGlobalSection
EndGlobal
