
Microsoft Visual Studio Solution File, Format Version 12.00
# Visual Studio Version 17
VisualStudioVersion = 17.4.33213.308
MinimumVisualStudioVersion = 10.0.40219.1
Project("{9A19103F-16F7-4668-BE54-9A1E7A4F7556}") = "01_base", "01_base\01_base.csproj", "{F20207DD-06AC-4D76-BDB9-CEED6521DB2B}"
EndProject
Project("{9A19103F-16F7-4668-BE54-9A1E7A4F7556}") = "02_data_types", "02_data_types\02_data_types.csproj", "{F95B71BA-20EB-4F8E-B17C-4DE38B74FF7F}"
EndProject
Project("{9A19103F-16F7-4668-BE54-9A1E7A4F7556}") = "dz_1", "dz_1\dz_1.csproj", "{A224E501-2243-4917-B6EC-DC8FB0BB3AB7}"
EndProject
Project("{9A19103F-16F7-4668-BE54-9A1E7A4F7556}") = "03_enum", "03_enum\03_enum.csproj", "{BD5D36C5-1503-4EA1-8AA7-5367AB63FBE7}"
EndProject
Project("{9A19103F-16F7-4668-BE54-9A1E7A4F7556}") = "dz_2", "dz_2\dz_2.csproj", "{71832089-AC21-4AAE-AEAD-BFB9BF2C8AD4}"
EndProject
Project("{9A19103F-16F7-4668-BE54-9A1E7A4F7556}") = "06_arrays", "04_arrays\06_arrays.csproj", "{51502D90-6682-4017-9D15-6EC74E1B07BE}"
EndProject
Project("{9A19103F-16F7-4668-BE54-9A1E7A4F7556}") = "dz_3", "dz_3\dz_3.csproj", "{AFA1BBBC-717B-4C4E-8162-AA13A6F2D0F4}"
EndProject
Project("{9A19103F-16F7-4668-BE54-9A1E7A4F7556}") = "05_cycles", "05_cycles\05_cycles.csproj", "{B703AAD3-0A1D-4E54-9389-05CC19E9A409}"
EndProject
Project("{9A19103F-16F7-4668-BE54-9A1E7A4F7556}") = "04_logic", "04_logic\04_logic.csproj", "{2B995D9F-AE33-498C-A100-3576302894E9}"
EndProject
Project("{FAE04EC0-301F-11D3-BF4B-00C04F79EFBC}") = "07_strings", "07_strings\07_strings.csproj", "{E34F1FFA-1BCB-4328-BD47-9B0DDB815AA8}"
EndProject
Project("{FAE04EC0-301F-11D3-BF4B-00C04F79EFBC}") = "08_string_builder", "08_string_builder\08_string_builder.csproj", "{6D2A1AAC-82DA-48C9-A3AC-181C242E5859}"
EndProject
Project("{FAE04EC0-301F-11D3-BF4B-00C04F79EFBC}") = "dz_4", "dz_4\dz_4.csproj", "{038C6EBC-5E5C-49C7-8710-CA931A1EE12F}"
EndProject
Global
	GlobalSection(SolutionConfigurationPlatforms) = preSolution
		Debug|Any CPU = Debug|Any CPU
		Release|Any CPU = Release|Any CPU
	EndGlobalSection
	GlobalSection(ProjectConfigurationPlatforms) = postSolution
		{F20207DD-06AC-4D76-BDB9-CEED6521DB2B}.Debug|Any CPU.ActiveCfg = Debug|Any CPU
		{F20207DD-06AC-4D76-BDB9-CEED6521DB2B}.Debug|Any CPU.Build.0 = Debug|Any CPU
		{F20207DD-06AC-4D76-BDB9-CEED6521DB2B}.Release|Any CPU.ActiveCfg = Release|Any CPU
		{F20207DD-06AC-4D76-BDB9-CEED6521DB2B}.Release|Any CPU.Build.0 = Release|Any CPU
		{F95B71BA-20EB-4F8E-B17C-4DE38B74FF7F}.Debug|Any CPU.ActiveCfg = Debug|Any CPU
		{F95B71BA-20EB-4F8E-B17C-4DE38B74FF7F}.Debug|Any CPU.Build.0 = Debug|Any CPU
		{F95B71BA-20EB-4F8E-B17C-4DE38B74FF7F}.Release|Any CPU.ActiveCfg = Release|Any CPU
		{F95B71BA-20EB-4F8E-B17C-4DE38B74FF7F}.Release|Any CPU.Build.0 = Release|Any CPU
		{A224E501-2243-4917-B6EC-DC8FB0BB3AB7}.Debug|Any CPU.ActiveCfg = Debug|Any CPU
		{A224E501-2243-4917-B6EC-DC8FB0BB3AB7}.Debug|Any CPU.Build.0 = Debug|Any CPU
		{A224E501-2243-4917-B6EC-DC8FB0BB3AB7}.Release|Any CPU.ActiveCfg = Release|Any CPU
		{A224E501-2243-4917-B6EC-DC8FB0BB3AB7}.Release|Any CPU.Build.0 = Release|Any CPU
		{BD5D36C5-1503-4EA1-8AA7-5367AB63FBE7}.Debug|Any CPU.ActiveCfg = Debug|Any CPU
		{BD5D36C5-1503-4EA1-8AA7-5367AB63FBE7}.Debug|Any CPU.Build.0 = Debug|Any CPU
		{BD5D36C5-1503-4EA1-8AA7-5367AB63FBE7}.Release|Any CPU.ActiveCfg = Release|Any CPU
		{BD5D36C5-1503-4EA1-8AA7-5367AB63FBE7}.Release|Any CPU.Build.0 = Release|Any CPU
		{71832089-AC21-4AAE-AEAD-BFB9BF2C8AD4}.Debug|Any CPU.ActiveCfg = Debug|Any CPU
		{71832089-AC21-4AAE-AEAD-BFB9BF2C8AD4}.Debug|Any CPU.Build.0 = Debug|Any CPU
		{71832089-AC21-4AAE-AEAD-BFB9BF2C8AD4}.Release|Any CPU.ActiveCfg = Release|Any CPU
		{71832089-AC21-4AAE-AEAD-BFB9BF2C8AD4}.Release|Any CPU.Build.0 = Release|Any CPU
		{51502D90-6682-4017-9D15-6EC74E1B07BE}.Debug|Any CPU.ActiveCfg = Debug|Any CPU
		{51502D90-6682-4017-9D15-6EC74E1B07BE}.Debug|Any CPU.Build.0 = Debug|Any CPU
		{51502D90-6682-4017-9D15-6EC74E1B07BE}.Release|Any CPU.ActiveCfg = Release|Any CPU
		{51502D90-6682-4017-9D15-6EC74E1B07BE}.Release|Any CPU.Build.0 = Release|Any CPU
		{AFA1BBBC-717B-4C4E-8162-AA13A6F2D0F4}.Debug|Any CPU.ActiveCfg = Debug|Any CPU
		{AFA1BBBC-717B-4C4E-8162-AA13A6F2D0F4}.Debug|Any CPU.Build.0 = Debug|Any CPU
		{AFA1BBBC-717B-4C4E-8162-AA13A6F2D0F4}.Release|Any CPU.ActiveCfg = Release|Any CPU
		{AFA1BBBC-717B-4C4E-8162-AA13A6F2D0F4}.Release|Any CPU.Build.0 = Release|Any CPU
		{B703AAD3-0A1D-4E54-9389-05CC19E9A409}.Debug|Any CPU.ActiveCfg = Debug|Any CPU
		{B703AAD3-0A1D-4E54-9389-05CC19E9A409}.Debug|Any CPU.Build.0 = Debug|Any CPU
		{B703AAD3-0A1D-4E54-9389-05CC19E9A409}.Release|Any CPU.ActiveCfg = Release|Any CPU
		{B703AAD3-0A1D-4E54-9389-05CC19E9A409}.Release|Any CPU.Build.0 = Release|Any CPU
		{2B995D9F-AE33-498C-A100-3576302894E9}.Debug|Any CPU.ActiveCfg = Debug|Any CPU
		{2B995D9F-AE33-498C-A100-3576302894E9}.Debug|Any CPU.Build.0 = Debug|Any CPU
		{2B995D9F-AE33-498C-A100-3576302894E9}.Release|Any CPU.ActiveCfg = Release|Any CPU
		{2B995D9F-AE33-498C-A100-3576302894E9}.Release|Any CPU.Build.0 = Release|Any CPU
		{E34F1FFA-1BCB-4328-BD47-9B0DDB815AA8}.Debug|Any CPU.ActiveCfg = Debug|Any CPU
		{E34F1FFA-1BCB-4328-BD47-9B0DDB815AA8}.Debug|Any CPU.Build.0 = Debug|Any CPU
		{E34F1FFA-1BCB-4328-BD47-9B0DDB815AA8}.Release|Any CPU.ActiveCfg = Release|Any CPU
		{E34F1FFA-1BCB-4328-BD47-9B0DDB815AA8}.Release|Any CPU.Build.0 = Release|Any CPU
		{6D2A1AAC-82DA-48C9-A3AC-181C242E5859}.Debug|Any CPU.ActiveCfg = Debug|Any CPU
		{6D2A1AAC-82DA-48C9-A3AC-181C242E5859}.Debug|Any CPU.Build.0 = Debug|Any CPU
		{6D2A1AAC-82DA-48C9-A3AC-181C242E5859}.Release|Any CPU.ActiveCfg = Release|Any CPU
		{6D2A1AAC-82DA-48C9-A3AC-181C242E5859}.Release|Any CPU.Build.0 = Release|Any CPU
		{038C6EBC-5E5C-49C7-8710-CA931A1EE12F}.Debug|Any CPU.ActiveCfg = Debug|Any CPU
		{038C6EBC-5E5C-49C7-8710-CA931A1EE12F}.Debug|Any CPU.Build.0 = Debug|Any CPU
		{038C6EBC-5E5C-49C7-8710-CA931A1EE12F}.Release|Any CPU.ActiveCfg = Release|Any CPU
		{038C6EBC-5E5C-49C7-8710-CA931A1EE12F}.Release|Any CPU.Build.0 = Release|Any CPU
	EndGlobalSection
	GlobalSection(SolutionProperties) = preSolution
		HideSolutionNode = FALSE
	EndGlobalSection
	GlobalSection(ExtensibilityGlobals) = postSolution
		SolutionGuid = {7FBE0565-AC96-4264-A809-1BCF44DA8C16}
	EndGlobalSection
EndGlobal
