
Microsoft Visual Studio Solution File, Format Version 12.00
# Visual Studio Version 17
VisualStudioVersion = 17.4.33213.308
MinimumVisualStudioVersion = 10.0.40219.1
Project("{9A19103F-16F7-4668-BE54-9A1E7A4F7556}") = "01_base", "01_base\01_base.csproj", "{F20207DD-06AC-4D76-BDB9-CEED6521DB2B}"
EndProject
Project("{9A19103F-16F7-4668-BE54-9A1E7A4F7556}") = "02_data_types", "02_data_types\02_data_types.csproj", "{F95B71BA-20EB-4F8E-B17C-4DE38B74FF7F}"
EndProject
Project("{9A19103F-16F7-4668-BE54-9A1E7A4F7556}") = "dz_1", "dz_1\dz_1.csproj", "{A224E501-2243-4917-B6EC-DC8FB0BB3AB7}"
EndProject
Project("{9A19103F-16F7-4668-BE54-9A1E7A4F7556}") = "03_enum", "03_enum\03_enum.csproj", "{BD5D36C5-1503-4EA1-8AA7-5367AB63FBE7}"
EndProject
Project("{9A19103F-16F7-4668-BE54-9A1E7A4F7556}") = "dz_2", "dz_2\dz_2.csproj", "{71832089-AC21-4AAE-AEAD-BFB9BF2C8AD4}"
EndProject
Project("{9A19103F-16F7-4668-BE54-9A1E7A4F7556}") = "06_arrays", "04_arrays\06_arrays.csproj", "{51502D90-6682-4017-9D15-6EC74E1B07BE}"
EndProject
Project("{9A19103F-16F7-4668-BE54-9A1E7A4F7556}") = "dz_3", "dz_3\dz_3.csproj", "{AFA1BBBC-717B-4C4E-8162-AA13A6F2D0F4}"
EndProject
Project("{9A19103F-16F7-4668-BE54-9A1E7A4F7556}") = "05_cycles", "05_cycles\05_cycles.csproj", "{B703AAD3-0A1D-4E54-9389-05CC19E9A409}"
EndProject
Project("{9A19103F-16F7-4668-BE54-9A1E7A4F7556}") = "04_logic", "04_logic\04_logic.csproj", "{2B995D9F-AE33-498C-A100-3576302894E9}"
EndProject
Project("{9A19103F-16F7-4668-BE54-9A1E7A4F7556}") = "07_strings", "07_strings\07_strings.csproj", "{E34F1FFA-1BCB-4328-BD47-9B0DDB815AA8}"
EndProject
Project("{9A19103F-16F7-4668-BE54-9A1E7A4F7556}") = "08_string_builder", "08_string_builder\08_string_builder.csproj", "{6D2A1AAC-82DA-48C9-A3AC-181C242E5859}"
EndProject
Project("{9A19103F-16F7-4668-BE54-9A1E7A4F7556}") = "dz_4", "dz_4\dz_4.csproj", "{038C6EBC-5E5C-49C7-8710-CA931A1EE12F}"
EndProject
Project("{9A19103F-16F7-4668-BE54-9A1E7A4F7556}") = "09_classes", "09_classes\09_classes.csproj", "{61255474-EABA-48CD-97F7-109C7B2E599A}"
EndProject
Project("{9A19103F-16F7-4668-BE54-9A1E7A4F7556}") = "dz_5", "dz_5\dz_5.csproj", "{A3109979-CB87-468A-A5B6-A00CF77F6D32}"
EndProject
Project("{9A19103F-16F7-4668-BE54-9A1E7A4F7556}") = "dz_6", "dz_6\dz_6.csproj", "{E3DE8318-D199-4EA6-B934-226A93C385DE}"
EndProject
Project("{9A19103F-16F7-4668-BE54-9A1E7A4F7556}") = "10_classes_2", "10_classes_2\10_classes_2.csproj", "{F1A9B873-9DE5-40A7-9224-D5413DAD69C5}"
EndProject
Project("{9A19103F-16F7-4668-BE54-9A1E7A4F7556}") = "11_properties", "11_properties\11_properties.csproj", "{224765E5-BAF2-4F48-8B42-7ECDA1E4B732}"
EndProject
Project("{9A19103F-16F7-4668-BE54-9A1E7A4F7556}") = "dz_6_2", "dz_6_2\dz_6_2.csproj", "{F26AE53D-122A-4B23-B87A-D824E7D15EB6}"
EndProject
Project("{9A19103F-16F7-4668-BE54-9A1E7A4F7556}") = "dz_7", "dz_7\dz_7.csproj", "{9E74C644-2D8C-41BB-B274-E4185501E272}"
EndProject
Project("{9A19103F-16F7-4668-BE54-9A1E7A4F7556}") = "12_structures", "12_structures\12_structures.csproj", "{AC164188-DCDD-4D92-B013-F0D860D29CDE}"
EndProject
Project("{9A19103F-16F7-4668-BE54-9A1E7A4F7556}") = "dz_8", "dz_8\dz_8.csproj", "{714D8086-68AB-4F5A-848A-8CC2BBE4D3D2}"
EndProject
Project("{9A19103F-16F7-4668-BE54-9A1E7A4F7556}") = "13_inheritance", "13_inheritance\13_inheritance.csproj", "{011A60E0-539A-4F77-8930-78A6E9143D1B}"
EndProject
Project("{9A19103F-16F7-4668-BE54-9A1E7A4F7556}") = "14_interfaces", "14_interfaces\14_interfaces.csproj", "{A14E86B9-E3DC-45B5-95CC-F38D8BFAAA0D}"
EndProject
Project("{9A19103F-16F7-4668-BE54-9A1E7A4F7556}") = "dz_9", "dz_9\dz_9.csproj", "{DE2F6B2A-B5C7-488F-B8BD-1BC9A88362E1}"
EndProject
Project("{9A19103F-16F7-4668-BE54-9A1E7A4F7556}") = "dz_10", "dz_10\dz_10.csproj", "{84031851-F61B-4FCB-AD3F-3242ED399688}"
EndProject
Project("{9A19103F-16F7-4668-BE54-9A1E7A4F7556}") = "17_polymorphism", "17_polymorphism\17_polymorphism.csproj", "{A2C0E94B-88E3-4652-80E3-97CB6A305D9D}"
EndProject
Project("{9A19103F-16F7-4668-BE54-9A1E7A4F7556}") = "16_interfaces_2", "16_interfaces_2\16_interfaces_2.csproj", "{178DFA07-B8A7-4E9F-8E4C-2B0B6F07EE3D}"
EndProject
Project("{9A19103F-16F7-4668-BE54-9A1E7A4F7556}") = "dz_11", "dz_11\dz_11.csproj", "{BEF6406C-31AD-43F8-8B20-3D2284D55CA3}"
EndProject
Project("{9A19103F-16F7-4668-BE54-9A1E7A4F7556}") = "18_abstract", "18_abstract\18_abstract.csproj", "{3E9A5D00-FCBE-4FC2-956F-3DF6EFDD2307}"
EndProject
Project("{9A19103F-16F7-4668-BE54-9A1E7A4F7556}") = "Game2", "Game2\Game2.csproj", "{E7C62390-8439-4922-950B-2657F74A8591}"
EndProject
Project("{9A19103F-16F7-4668-BE54-9A1E7A4F7556}") = "Game3ArrayEdition", "Game3ArrayEdition\Game3ArrayEdition.csproj", "{035F07E2-1957-4344-BF3F-02FA984241B0}"
EndProject
Global
	GlobalSection(SolutionConfigurationPlatforms) = preSolution
		Debug|Any CPU = Debug|Any CPU
		Release|Any CPU = Release|Any CPU
	EndGlobalSection
	GlobalSection(ProjectConfigurationPlatforms) = postSolution
		{F20207DD-06AC-4D76-BDB9-CEED6521DB2B}.Debug|Any CPU.ActiveCfg = Debug|Any CPU
		{F20207DD-06AC-4D76-BDB9-CEED6521DB2B}.Debug|Any CPU.Build.0 = Debug|Any CPU
		{F20207DD-06AC-4D76-BDB9-CEED6521DB2B}.Release|Any CPU.ActiveCfg = Release|Any CPU
		{F20207DD-06AC-4D76-BDB9-CEED6521DB2B}.Release|Any CPU.Build.0 = Release|Any CPU
		{F95B71BA-20EB-4F8E-B17C-4DE38B74FF7F}.Debug|Any CPU.ActiveCfg = Debug|Any CPU
		{F95B71BA-20EB-4F8E-B17C-4DE38B74FF7F}.Debug|Any CPU.Build.0 = Debug|Any CPU
		{F95B71BA-20EB-4F8E-B17C-4DE38B74FF7F}.Release|Any CPU.ActiveCfg = Release|Any CPU
		{F95B71BA-20EB-4F8E-B17C-4DE38B74FF7F}.Release|Any CPU.Build.0 = Release|Any CPU
		{A224E501-2243-4917-B6EC-DC8FB0BB3AB7}.Debug|Any CPU.ActiveCfg = Debug|Any CPU
		{A224E501-2243-4917-B6EC-DC8FB0BB3AB7}.Debug|Any CPU.Build.0 = Debug|Any CPU
		{A224E501-2243-4917-B6EC-DC8FB0BB3AB7}.Release|Any CPU.ActiveCfg = Release|Any CPU
		{A224E501-2243-4917-B6EC-DC8FB0BB3AB7}.Release|Any CPU.Build.0 = Release|Any CPU
		{BD5D36C5-1503-4EA1-8AA7-5367AB63FBE7}.Debug|Any CPU.ActiveCfg = Debug|Any CPU
		{BD5D36C5-1503-4EA1-8AA7-5367AB63FBE7}.Debug|Any CPU.Build.0 = Debug|Any CPU
		{BD5D36C5-1503-4EA1-8AA7-5367AB63FBE7}.Release|Any CPU.ActiveCfg = Release|Any CPU
		{BD5D36C5-1503-4EA1-8AA7-5367AB63FBE7}.Release|Any CPU.Build.0 = Release|Any CPU
		{71832089-AC21-4AAE-AEAD-BFB9BF2C8AD4}.Debug|Any CPU.ActiveCfg = Debug|Any CPU
		{71832089-AC21-4AAE-AEAD-BFB9BF2C8AD4}.Debug|Any CPU.Build.0 = Debug|Any CPU
		{71832089-AC21-4AAE-AEAD-BFB9BF2C8AD4}.Release|Any CPU.ActiveCfg = Release|Any CPU
		{71832089-AC21-4AAE-AEAD-BFB9BF2C8AD4}.Release|Any CPU.Build.0 = Release|Any CPU
		{51502D90-6682-4017-9D15-6EC74E1B07BE}.Debug|Any CPU.ActiveCfg = Debug|Any CPU
		{51502D90-6682-4017-9D15-6EC74E1B07BE}.Debug|Any CPU.Build.0 = Debug|Any CPU
		{51502D90-6682-4017-9D15-6EC74E1B07BE}.Release|Any CPU.ActiveCfg = Release|Any CPU
		{51502D90-6682-4017-9D15-6EC74E1B07BE}.Release|Any CPU.Build.0 = Release|Any CPU
		{AFA1BBBC-717B-4C4E-8162-AA13A6F2D0F4}.Debug|Any CPU.ActiveCfg = Debug|Any CPU
		{AFA1BBBC-717B-4C4E-8162-AA13A6F2D0F4}.Debug|Any CPU.Build.0 = Debug|Any CPU
		{AFA1BBBC-717B-4C4E-8162-AA13A6F2D0F4}.Release|Any CPU.ActiveCfg = Release|Any CPU
		{AFA1BBBC-717B-4C4E-8162-AA13A6F2D0F4}.Release|Any CPU.Build.0 = Release|Any CPU
		{B703AAD3-0A1D-4E54-9389-05CC19E9A409}.Debug|Any CPU.ActiveCfg = Debug|Any CPU
		{B703AAD3-0A1D-4E54-9389-05CC19E9A409}.Debug|Any CPU.Build.0 = Debug|Any CPU
		{B703AAD3-0A1D-4E54-9389-05CC19E9A409}.Release|Any CPU.ActiveCfg = Release|Any CPU
		{B703AAD3-0A1D-4E54-9389-05CC19E9A409}.Release|Any CPU.Build.0 = Release|Any CPU
		{2B995D9F-AE33-498C-A100-3576302894E9}.Debug|Any CPU.ActiveCfg = Debug|Any CPU
		{2B995D9F-AE33-498C-A100-3576302894E9}.Debug|Any CPU.Build.0 = Debug|Any CPU
		{2B995D9F-AE33-498C-A100-3576302894E9}.Release|Any CPU.ActiveCfg = Release|Any CPU
		{2B995D9F-AE33-498C-A100-3576302894E9}.Release|Any CPU.Build.0 = Release|Any CPU
		{E34F1FFA-1BCB-4328-BD47-9B0DDB815AA8}.Debug|Any CPU.ActiveCfg = Debug|Any CPU
		{E34F1FFA-1BCB-4328-BD47-9B0DDB815AA8}.Debug|Any CPU.Build.0 = Debug|Any CPU
		{E34F1FFA-1BCB-4328-BD47-9B0DDB815AA8}.Release|Any CPU.ActiveCfg = Release|Any CPU
		{E34F1FFA-1BCB-4328-BD47-9B0DDB815AA8}.Release|Any CPU.Build.0 = Release|Any CPU
		{6D2A1AAC-82DA-48C9-A3AC-181C242E5859}.Debug|Any CPU.ActiveCfg = Debug|Any CPU
		{6D2A1AAC-82DA-48C9-A3AC-181C242E5859}.Debug|Any CPU.Build.0 = Debug|Any CPU
		{6D2A1AAC-82DA-48C9-A3AC-181C242E5859}.Release|Any CPU.ActiveCfg = Release|Any CPU
		{6D2A1AAC-82DA-48C9-A3AC-181C242E5859}.Release|Any CPU.Build.0 = Release|Any CPU
		{038C6EBC-5E5C-49C7-8710-CA931A1EE12F}.Debug|Any CPU.ActiveCfg = Debug|Any CPU
		{038C6EBC-5E5C-49C7-8710-CA931A1EE12F}.Debug|Any CPU.Build.0 = Debug|Any CPU
		{038C6EBC-5E5C-49C7-8710-CA931A1EE12F}.Release|Any CPU.ActiveCfg = Release|Any CPU
		{038C6EBC-5E5C-49C7-8710-CA931A1EE12F}.Release|Any CPU.Build.0 = Release|Any CPU
		{61255474-EABA-48CD-97F7-109C7B2E599A}.Debug|Any CPU.ActiveCfg = Debug|Any CPU
		{61255474-EABA-48CD-97F7-109C7B2E599A}.Debug|Any CPU.Build.0 = Debug|Any CPU
		{61255474-EABA-48CD-97F7-109C7B2E599A}.Release|Any CPU.ActiveCfg = Release|Any CPU
		{61255474-EABA-48CD-97F7-109C7B2E599A}.Release|Any CPU.Build.0 = Release|Any CPU
		{A3109979-CB87-468A-A5B6-A00CF77F6D32}.Debug|Any CPU.ActiveCfg = Debug|Any CPU
		{A3109979-CB87-468A-A5B6-A00CF77F6D32}.Debug|Any CPU.Build.0 = Debug|Any CPU
		{A3109979-CB87-468A-A5B6-A00CF77F6D32}.Release|Any CPU.ActiveCfg = Release|Any CPU
		{A3109979-CB87-468A-A5B6-A00CF77F6D32}.Release|Any CPU.Build.0 = Release|Any CPU
		{E3DE8318-D199-4EA6-B934-226A93C385DE}.Debug|Any CPU.ActiveCfg = Debug|Any CPU
		{E3DE8318-D199-4EA6-B934-226A93C385DE}.Debug|Any CPU.Build.0 = Debug|Any CPU
		{E3DE8318-D199-4EA6-B934-226A93C385DE}.Release|Any CPU.ActiveCfg = Release|Any CPU
		{E3DE8318-D199-4EA6-B934-226A93C385DE}.Release|Any CPU.Build.0 = Release|Any CPU
		{F1A9B873-9DE5-40A7-9224-D5413DAD69C5}.Debug|Any CPU.ActiveCfg = Debug|Any CPU
		{F1A9B873-9DE5-40A7-9224-D5413DAD69C5}.Debug|Any CPU.Build.0 = Debug|Any CPU
		{F1A9B873-9DE5-40A7-9224-D5413DAD69C5}.Release|Any CPU.ActiveCfg = Release|Any CPU
		{F1A9B873-9DE5-40A7-9224-D5413DAD69C5}.Release|Any CPU.Build.0 = Release|Any CPU
		{224765E5-BAF2-4F48-8B42-7ECDA1E4B732}.Debug|Any CPU.ActiveCfg = Debug|Any CPU
		{224765E5-BAF2-4F48-8B42-7ECDA1E4B732}.Debug|Any CPU.Build.0 = Debug|Any CPU
		{224765E5-BAF2-4F48-8B42-7ECDA1E4B732}.Release|Any CPU.ActiveCfg = Release|Any CPU
		{224765E5-BAF2-4F48-8B42-7ECDA1E4B732}.Release|Any CPU.Build.0 = Release|Any CPU
		{F26AE53D-122A-4B23-B87A-D824E7D15EB6}.Debug|Any CPU.ActiveCfg = Debug|Any CPU
		{F26AE53D-122A-4B23-B87A-D824E7D15EB6}.Debug|Any CPU.Build.0 = Debug|Any CPU
		{F26AE53D-122A-4B23-B87A-D824E7D15EB6}.Release|Any CPU.ActiveCfg = Release|Any CPU
		{F26AE53D-122A-4B23-B87A-D824E7D15EB6}.Release|Any CPU.Build.0 = Release|Any CPU
		{9E74C644-2D8C-41BB-B274-E4185501E272}.Debug|Any CPU.ActiveCfg = Debug|Any CPU
		{9E74C644-2D8C-41BB-B274-E4185501E272}.Debug|Any CPU.Build.0 = Debug|Any CPU
		{9E74C644-2D8C-41BB-B274-E4185501E272}.Release|Any CPU.ActiveCfg = Release|Any CPU
		{9E74C644-2D8C-41BB-B274-E4185501E272}.Release|Any CPU.Build.0 = Release|Any CPU
		{AC164188-DCDD-4D92-B013-F0D860D29CDE}.Debug|Any CPU.ActiveCfg = Debug|Any CPU
		{AC164188-DCDD-4D92-B013-F0D860D29CDE}.Debug|Any CPU.Build.0 = Debug|Any CPU
		{AC164188-DCDD-4D92-B013-F0D860D29CDE}.Release|Any CPU.ActiveCfg = Release|Any CPU
		{AC164188-DCDD-4D92-B013-F0D860D29CDE}.Release|Any CPU.Build.0 = Release|Any CPU
		{714D8086-68AB-4F5A-848A-8CC2BBE4D3D2}.Debug|Any CPU.ActiveCfg = Debug|Any CPU
		{714D8086-68AB-4F5A-848A-8CC2BBE4D3D2}.Debug|Any CPU.Build.0 = Debug|Any CPU
		{714D8086-68AB-4F5A-848A-8CC2BBE4D3D2}.Release|Any CPU.ActiveCfg = Release|Any CPU
		{714D8086-68AB-4F5A-848A-8CC2BBE4D3D2}.Release|Any CPU.Build.0 = Release|Any CPU
		{011A60E0-539A-4F77-8930-78A6E9143D1B}.Debug|Any CPU.ActiveCfg = Debug|Any CPU
		{011A60E0-539A-4F77-8930-78A6E9143D1B}.Debug|Any CPU.Build.0 = Debug|Any CPU
		{011A60E0-539A-4F77-8930-78A6E9143D1B}.Release|Any CPU.ActiveCfg = Release|Any CPU
		{011A60E0-539A-4F77-8930-78A6E9143D1B}.Release|Any CPU.Build.0 = Release|Any CPU
		{A14E86B9-E3DC-45B5-95CC-F38D8BFAAA0D}.Debug|Any CPU.ActiveCfg = Debug|Any CPU
		{A14E86B9-E3DC-45B5-95CC-F38D8BFAAA0D}.Debug|Any CPU.Build.0 = Debug|Any CPU
		{A14E86B9-E3DC-45B5-95CC-F38D8BFAAA0D}.Release|Any CPU.ActiveCfg = Release|Any CPU
		{A14E86B9-E3DC-45B5-95CC-F38D8BFAAA0D}.Release|Any CPU.Build.0 = Release|Any CPU
		{DE2F6B2A-B5C7-488F-B8BD-1BC9A88362E1}.Debug|Any CPU.ActiveCfg = Debug|Any CPU
		{DE2F6B2A-B5C7-488F-B8BD-1BC9A88362E1}.Debug|Any CPU.Build.0 = Debug|Any CPU
		{DE2F6B2A-B5C7-488F-B8BD-1BC9A88362E1}.Release|Any CPU.ActiveCfg = Release|Any CPU
		{DE2F6B2A-B5C7-488F-B8BD-1BC9A88362E1}.Release|Any CPU.Build.0 = Release|Any CPU
		{84031851-F61B-4FCB-AD3F-3242ED399688}.Debug|Any CPU.ActiveCfg = Debug|Any CPU
		{84031851-F61B-4FCB-AD3F-3242ED399688}.Debug|Any CPU.Build.0 = Debug|Any CPU
		{84031851-F61B-4FCB-AD3F-3242ED399688}.Release|Any CPU.ActiveCfg = Release|Any CPU
		{84031851-F61B-4FCB-AD3F-3242ED399688}.Release|Any CPU.Build.0 = Release|Any CPU
		{A2C0E94B-88E3-4652-80E3-97CB6A305D9D}.Debug|Any CPU.ActiveCfg = Debug|Any CPU
		{A2C0E94B-88E3-4652-80E3-97CB6A305D9D}.Debug|Any CPU.Build.0 = Debug|Any CPU
		{A2C0E94B-88E3-4652-80E3-97CB6A305D9D}.Release|Any CPU.ActiveCfg = Release|Any CPU
		{A2C0E94B-88E3-4652-80E3-97CB6A305D9D}.Release|Any CPU.Build.0 = Release|Any CPU
		{178DFA07-B8A7-4E9F-8E4C-2B0B6F07EE3D}.Debug|Any CPU.ActiveCfg = Debug|Any CPU
		{178DFA07-B8A7-4E9F-8E4C-2B0B6F07EE3D}.Debug|Any CPU.Build.0 = Debug|Any CPU
		{178DFA07-B8A7-4E9F-8E4C-2B0B6F07EE3D}.Release|Any CPU.ActiveCfg = Release|Any CPU
		{178DFA07-B8A7-4E9F-8E4C-2B0B6F07EE3D}.Release|Any CPU.Build.0 = Release|Any CPU
		{BEF6406C-31AD-43F8-8B20-3D2284D55CA3}.Debug|Any CPU.ActiveCfg = Debug|Any CPU
		{BEF6406C-31AD-43F8-8B20-3D2284D55CA3}.Debug|Any CPU.Build.0 = Debug|Any CPU
		{BEF6406C-31AD-43F8-8B20-3D2284D55CA3}.Release|Any CPU.ActiveCfg = Release|Any CPU
		{BEF6406C-31AD-43F8-8B20-3D2284D55CA3}.Release|Any CPU.Build.0 = Release|Any CPU
		{3E9A5D00-FCBE-4FC2-956F-3DF6EFDD2307}.Debug|Any CPU.ActiveCfg = Debug|Any CPU
		{3E9A5D00-FCBE-4FC2-956F-3DF6EFDD2307}.Debug|Any CPU.Build.0 = Debug|Any CPU
		{3E9A5D00-FCBE-4FC2-956F-3DF6EFDD2307}.Release|Any CPU.ActiveCfg = Release|Any CPU
		{3E9A5D00-FCBE-4FC2-956F-3DF6EFDD2307}.Release|Any CPU.Build.0 = Release|Any CPU
		{E7C62390-8439-4922-950B-2657F74A8591}.Debug|Any CPU.ActiveCfg = Debug|Any CPU
		{E7C62390-8439-4922-950B-2657F74A8591}.Debug|Any CPU.Build.0 = Debug|Any CPU
		{E7C62390-8439-4922-950B-2657F74A8591}.Release|Any CPU.ActiveCfg = Release|Any CPU
		{E7C62390-8439-4922-950B-2657F74A8591}.Release|Any CPU.Build.0 = Release|Any CPU
		{035F07E2-1957-4344-BF3F-02FA984241B0}.Debug|Any CPU.ActiveCfg = Debug|Any CPU
		{035F07E2-1957-4344-BF3F-02FA984241B0}.Debug|Any CPU.Build.0 = Debug|Any CPU
		{035F07E2-1957-4344-BF3F-02FA984241B0}.Release|Any CPU.ActiveCfg = Release|Any CPU
		{035F07E2-1957-4344-BF3F-02FA984241B0}.Release|Any CPU.Build.0 = Release|Any CPU
	EndGlobalSection
	GlobalSection(SolutionProperties) = preSolution
		HideSolutionNode = FALSE
	EndGlobalSection
	GlobalSection(ExtensibilityGlobals) = postSolution
		SolutionGuid = {7FBE0565-AC96-4264-A809-1BCF44DA8C16}
	EndGlobalSection
EndGlobal
