
Microsoft Visual Studio Solution File, Format Version 12.00
# Visual Studio Version 17
VisualStudioVersion = 17.4.33110.190
MinimumVisualStudioVersion = 10.0.40219.1
Project("{FAE04EC0-301F-11D3-BF4B-00C04F79EFBC}") = "HW4", "HW4\HW4.csproj", "{271E2572-FD34-44B2-A86D-1940C644A886}"
EndProject
Global
	GlobalSection(SolutionConfigurationPlatforms) = preSolution
		Debug|Any CPU = Debug|Any CPU
		Release|Any CPU = Release|Any CPU
	EndGlobalSection
	GlobalSection(ProjectConfigurationPlatforms) = postSolution
		{271E2572-FD34-44B2-A86D-1940C644A886}.Debug|Any CPU.ActiveCfg = Debug|Any CPU
		{271E2572-FD34-44B2-A86D-1940C644A886}.Debug|Any CPU.Build.0 = Debug|Any CPU
		{271E2572-FD34-44B2-A86D-1940C644A886}.Release|Any CPU.ActiveCfg = Release|Any CPU
		{271E2572-FD34-44B2-A86D-1940C644A886}.Release|Any CPU.Build.0 = Release|Any CPU
	EndGlobalSection
	GlobalSection(SolutionProperties) = preSolution
		HideSolutionNode = FALSE
	EndGlobalSection
	GlobalSection(ExtensibilityGlobals) = postSolution
		SolutionGuid = {F6ED2218-577C-42F8-A69D-0D51EA3CAFE6}
	EndGlobalSection
EndGlobal
