
Microsoft Visual Studio Solution File, Format Version 12.00
# Visual Studio Version 17
VisualStudioVersion = 17.4.33205.214
MinimumVisualStudioVersion = 10.0.40219.1
Project("{FAE04EC0-301F-11D3-BF4B-00C04F79EFBC}") = "crash-course-delagetes2", "crash-course-delagetes2\crash-course-delagetes2.csproj", "{58B4CF34-33FD-4C65-AFFE-6A2AE49A29B4}"
EndProject
Global
	GlobalSection(SolutionConfigurationPlatforms) = preSolution
		Debug|Any CPU = Debug|Any CPU
		Release|Any CPU = Release|Any CPU
	EndGlobalSection
	GlobalSection(ProjectConfigurationPlatforms) = postSolution
		{58B4CF34-33FD-4C65-AFFE-6A2AE49A29B4}.Debug|Any CPU.ActiveCfg = Debug|Any CPU
		{58B4CF34-33FD-4C65-AFFE-6A2AE49A29B4}.Debug|Any CPU.Build.0 = Debug|Any CPU
		{58B4CF34-33FD-4C65-AFFE-6A2AE49A29B4}.Release|Any CPU.ActiveCfg = Release|Any CPU
		{58B4CF34-33FD-4C65-AFFE-6A2AE49A29B4}.Release|Any CPU.Build.0 = Release|Any CPU
	EndGlobalSection
	GlobalSection(SolutionProperties) = preSolution
		HideSolutionNode = FALSE
	EndGlobalSection
	GlobalSection(ExtensibilityGlobals) = postSolution
		SolutionGuid = {E649B318-8E98-44A3-870A-565A51117613}
	EndGlobalSection
EndGlobal
