
Microsoft Visual Studio Solution File, Format Version 12.00
# Visual Studio Version 17
VisualStudioVersion = 17.4.33110.190
MinimumVisualStudioVersion = 10.0.40219.1
Project("{FAE04EC0-301F-11D3-BF4B-00C04F79EFBC}") = "HW12", "HW12\HW12.csproj", "{E8F30B2B-831F-4C54-9A22-B6CC62B3CF03}"
EndProject
Global
	GlobalSection(SolutionConfigurationPlatforms) = preSolution
		Debug|Any CPU = Debug|Any CPU
		Release|Any CPU = Release|Any CPU
	EndGlobalSection
	GlobalSection(ProjectConfigurationPlatforms) = postSolution
		{E8F30B2B-831F-4C54-9A22-B6CC62B3CF03}.Debug|Any CPU.ActiveCfg = Debug|Any CPU
		{E8F30B2B-831F-4C54-9A22-B6CC62B3CF03}.Debug|Any CPU.Build.0 = Debug|Any CPU
		{E8F30B2B-831F-4C54-9A22-B6CC62B3CF03}.Release|Any CPU.ActiveCfg = Release|Any CPU
		{E8F30B2B-831F-4C54-9A22-B6CC62B3CF03}.Release|Any CPU.Build.0 = Release|Any CPU
	EndGlobalSection
	GlobalSection(SolutionProperties) = preSolution
		HideSolutionNode = FALSE
	EndGlobalSection
	GlobalSection(ExtensibilityGlobals) = postSolution
		SolutionGuid = {FE2C945A-94E0-4A80-AE6E-01D518728088}
	EndGlobalSection
EndGlobal
