
Microsoft Visual Studio Solution File, Format Version 12.00
# Visual Studio Version 17
VisualStudioVersion = 17.3.32929.385
MinimumVisualStudioVersion = 10.0.40219.1
Project("{9A19103F-16F7-4668-BE54-9A1E7A4F7556}") = "dz_1", "dz_1\dz_1.csproj", "{0C493FA4-87D4-4EC4-A2D4-7E0368EBABE9}"
EndProject
Project("{9A19103F-16F7-4668-BE54-9A1E7A4F7556}") = "lesson_2_enum", "lesson_2_enum\lesson_2_enum.csproj", "{1F57DDF4-C2D1-4DE7-9A14-1CE0ABA46A57}"
EndProject
Project("{9A19103F-16F7-4668-BE54-9A1E7A4F7556}") = "lesson_3", "lesson_3\lesson_3.csproj", "{53592C66-FB02-458D-ACBB-40567F1A146D}"
EndProject
Project("{9A19103F-16F7-4668-BE54-9A1E7A4F7556}") = "lesson_4", "lesson_4\lesson_4.csproj", "{D7B4C2F8-0146-452D-B5FF-5AF87DE3A0D8}"
EndProject
Project("{9A19103F-16F7-4668-BE54-9A1E7A4F7556}") = "lesson_5_classes", "lesson_5_classes\lesson_5_classes.csproj", "{A04DA9E6-972F-4039-BDD3-5A98FA6879C1}"
EndProject
Project("{9A19103F-16F7-4668-BE54-9A1E7A4F7556}") = "lesson_6_constructors", "lesson_6_constructors\lesson_6_constructors.csproj", "{0C6578F0-FA0A-42BC-90AE-4203E8B162CA}"
EndProject
Project("{9A19103F-16F7-4668-BE54-9A1E7A4F7556}") = "lessonTask_properties", "lessonTask_properties\lessonTask_properties.csproj", "{BA5B55B5-C230-48A4-B830-D7375535D1F1}"
EndProject
Project("{9A19103F-16F7-4668-BE54-9A1E7A4F7556}") = "lesson_8_Task", "lesson_8_Task\lesson_8_Task.csproj", "{D228E71D-79C1-437B-9715-6781F2354AC2}"
EndProject
Project("{9A19103F-16F7-4668-BE54-9A1E7A4F7556}") = "lesson_8_HW", "lesson_8_HW\lesson_8_HW.csproj", "{C7733922-A180-40B7-AA59-E01B6A9FD189}"
EndProject
Project("{FAE04EC0-301F-11D3-BF4B-00C04F79EFBC}") = "lesson_9_HW_Task1", "lesson_9_HW\lesson_9_HW_Task1.csproj", "{13EBF2C5-2AA0-4AC4-97A7-19A9D40960E1}"
EndProject
Global
	GlobalSection(SolutionConfigurationPlatforms) = preSolution
		Debug|Any CPU = Debug|Any CPU
		Release|Any CPU = Release|Any CPU
	EndGlobalSection
	GlobalSection(ProjectConfigurationPlatforms) = postSolution
		{0C493FA4-87D4-4EC4-A2D4-7E0368EBABE9}.Debug|Any CPU.ActiveCfg = Debug|Any CPU
		{0C493FA4-87D4-4EC4-A2D4-7E0368EBABE9}.Debug|Any CPU.Build.0 = Debug|Any CPU
		{0C493FA4-87D4-4EC4-A2D4-7E0368EBABE9}.Release|Any CPU.ActiveCfg = Release|Any CPU
		{0C493FA4-87D4-4EC4-A2D4-7E0368EBABE9}.Release|Any CPU.Build.0 = Release|Any CPU
		{1F57DDF4-C2D1-4DE7-9A14-1CE0ABA46A57}.Debug|Any CPU.ActiveCfg = Debug|Any CPU
		{1F57DDF4-C2D1-4DE7-9A14-1CE0ABA46A57}.Debug|Any CPU.Build.0 = Debug|Any CPU
		{1F57DDF4-C2D1-4DE7-9A14-1CE0ABA46A57}.Release|Any CPU.ActiveCfg = Release|Any CPU
		{1F57DDF4-C2D1-4DE7-9A14-1CE0ABA46A57}.Release|Any CPU.Build.0 = Release|Any CPU
		{53592C66-FB02-458D-ACBB-40567F1A146D}.Debug|Any CPU.ActiveCfg = Debug|Any CPU
		{53592C66-FB02-458D-ACBB-40567F1A146D}.Debug|Any CPU.Build.0 = Debug|Any CPU
		{53592C66-FB02-458D-ACBB-40567F1A146D}.Release|Any CPU.ActiveCfg = Release|Any CPU
		{53592C66-FB02-458D-ACBB-40567F1A146D}.Release|Any CPU.Build.0 = Release|Any CPU
		{D7B4C2F8-0146-452D-B5FF-5AF87DE3A0D8}.Debug|Any CPU.ActiveCfg = Debug|Any CPU
		{D7B4C2F8-0146-452D-B5FF-5AF87DE3A0D8}.Debug|Any CPU.Build.0 = Debug|Any CPU
		{D7B4C2F8-0146-452D-B5FF-5AF87DE3A0D8}.Release|Any CPU.ActiveCfg = Release|Any CPU
		{D7B4C2F8-0146-452D-B5FF-5AF87DE3A0D8}.Release|Any CPU.Build.0 = Release|Any CPU
		{A04DA9E6-972F-4039-BDD3-5A98FA6879C1}.Debug|Any CPU.ActiveCfg = Debug|Any CPU
		{A04DA9E6-972F-4039-BDD3-5A98FA6879C1}.Debug|Any CPU.Build.0 = Debug|Any CPU
		{A04DA9E6-972F-4039-BDD3-5A98FA6879C1}.Release|Any CPU.ActiveCfg = Release|Any CPU
		{A04DA9E6-972F-4039-BDD3-5A98FA6879C1}.Release|Any CPU.Build.0 = Release|Any CPU
		{0C6578F0-FA0A-42BC-90AE-4203E8B162CA}.Debug|Any CPU.ActiveCfg = Debug|Any CPU
		{0C6578F0-FA0A-42BC-90AE-4203E8B162CA}.Debug|Any CPU.Build.0 = Debug|Any CPU
		{0C6578F0-FA0A-42BC-90AE-4203E8B162CA}.Release|Any CPU.ActiveCfg = Release|Any CPU
		{0C6578F0-FA0A-42BC-90AE-4203E8B162CA}.Release|Any CPU.Build.0 = Release|Any CPU
		{BA5B55B5-C230-48A4-B830-D7375535D1F1}.Debug|Any CPU.ActiveCfg = Debug|Any CPU
		{BA5B55B5-C230-48A4-B830-D7375535D1F1}.Debug|Any CPU.Build.0 = Debug|Any CPU
		{BA5B55B5-C230-48A4-B830-D7375535D1F1}.Release|Any CPU.ActiveCfg = Release|Any CPU
		{BA5B55B5-C230-48A4-B830-D7375535D1F1}.Release|Any CPU.Build.0 = Release|Any CPU
		{D228E71D-79C1-437B-9715-6781F2354AC2}.Debug|Any CPU.ActiveCfg = Debug|Any CPU
		{D228E71D-79C1-437B-9715-6781F2354AC2}.Debug|Any CPU.Build.0 = Debug|Any CPU
		{D228E71D-79C1-437B-9715-6781F2354AC2}.Release|Any CPU.ActiveCfg = Release|Any CPU
		{D228E71D-79C1-437B-9715-6781F2354AC2}.Release|Any CPU.Build.0 = Release|Any CPU
		{C7733922-A180-40B7-AA59-E01B6A9FD189}.Debug|Any CPU.ActiveCfg = Debug|Any CPU
		{C7733922-A180-40B7-AA59-E01B6A9FD189}.Debug|Any CPU.Build.0 = Debug|Any CPU
		{C7733922-A180-40B7-AA59-E01B6A9FD189}.Release|Any CPU.ActiveCfg = Release|Any CPU
		{C7733922-A180-40B7-AA59-E01B6A9FD189}.Release|Any CPU.Build.0 = Release|Any CPU
		{13EBF2C5-2AA0-4AC4-97A7-19A9D40960E1}.Debug|Any CPU.ActiveCfg = Debug|Any CPU
		{13EBF2C5-2AA0-4AC4-97A7-19A9D40960E1}.Debug|Any CPU.Build.0 = Debug|Any CPU
		{13EBF2C5-2AA0-4AC4-97A7-19A9D40960E1}.Release|Any CPU.ActiveCfg = Release|Any CPU
		{13EBF2C5-2AA0-4AC4-97A7-19A9D40960E1}.Release|Any CPU.Build.0 = Release|Any CPU
	EndGlobalSection
	GlobalSection(SolutionProperties) = preSolution
		HideSolutionNode = FALSE
	EndGlobalSection
	GlobalSection(ExtensibilityGlobals) = postSolution
		SolutionGuid = {A598E9EA-2518-4E33-8FB6-8A91CFE64660}
	EndGlobalSection
EndGlobal
