
Microsoft Visual Studio Solution File, Format Version 12.00
# Visual Studio Version 17
VisualStudioVersion = 17.4.33122.133
MinimumVisualStudioVersion = 10.0.40219.1
Project("{FAE04EC0-301F-11D3-BF4B-00C04F79EFBC}") = "Home3", "Home3\Home3.csproj", "{94C0CC3B-96EE-4682-92DB-C95DF224EF9F}"
EndProject
Global
	GlobalSection(SolutionConfigurationPlatforms) = preSolution
		Debug|Any CPU = Debug|Any CPU
		Release|Any CPU = Release|Any CPU
	EndGlobalSection
	GlobalSection(ProjectConfigurationPlatforms) = postSolution
		{94C0CC3B-96EE-4682-92DB-C95DF224EF9F}.Debug|Any CPU.ActiveCfg = Debug|Any CPU
		{94C0CC3B-96EE-4682-92DB-C95DF224EF9F}.Debug|Any CPU.Build.0 = Debug|Any CPU
		{94C0CC3B-96EE-4682-92DB-C95DF224EF9F}.Release|Any CPU.ActiveCfg = Release|Any CPU
		{94C0CC3B-96EE-4682-92DB-C95DF224EF9F}.Release|Any CPU.Build.0 = Release|Any CPU
	EndGlobalSection
	GlobalSection(SolutionProperties) = preSolution
		HideSolutionNode = FALSE
	EndGlobalSection
	GlobalSection(ExtensibilityGlobals) = postSolution
		SolutionGuid = {AC060C20-CBD5-4879-9135-2D196BE355E6}
	EndGlobalSection
EndGlobal
