
Microsoft Visual Studio Solution File, Format Version 12.00
# Visual Studio Version 17
VisualStudioVersion = 17.3.32825.248
MinimumVisualStudioVersion = 10.0.40219.1
Project("{FAE04EC0-301F-11D3-BF4B-00C04F79EFBC}") = "Task7", "Task7\Task7.csproj", "{AFBADEFC-E3D3-4A85-A7EF-8EF62193D704}"
EndProject
Global
	GlobalSection(SolutionConfigurationPlatforms) = preSolution
		Debug|Any CPU = Debug|Any CPU
		Release|Any CPU = Release|Any CPU
	EndGlobalSection
	GlobalSection(ProjectConfigurationPlatforms) = postSolution
		{AFBADEFC-E3D3-4A85-A7EF-8EF62193D704}.Debug|Any CPU.ActiveCfg = Debug|Any CPU
		{AFBADEFC-E3D3-4A85-A7EF-8EF62193D704}.Debug|Any CPU.Build.0 = Debug|Any CPU
		{AFBADEFC-E3D3-4A85-A7EF-8EF62193D704}.Release|Any CPU.ActiveCfg = Release|Any CPU
		{AFBADEFC-E3D3-4A85-A7EF-8EF62193D704}.Release|Any CPU.Build.0 = Release|Any CPU
	EndGlobalSection
	GlobalSection(SolutionProperties) = preSolution
		HideSolutionNode = FALSE
	EndGlobalSection
	GlobalSection(ExtensibilityGlobals) = postSolution
		SolutionGuid = {D3567D8F-C15D-4048-892C-AA7B271B58C7}
	EndGlobalSection
EndGlobal
