
Microsoft Visual Studio Solution File, Format Version 12.00
# Visual Studio Version 17
VisualStudioVersion = 17.4.33110.190
MinimumVisualStudioVersion = 10.0.40219.1
Project("{FAE04EC0-301F-11D3-BF4B-00C04F79EFBC}") = "HW6", "HW6\HW6.csproj", "{DDAB3017-DB03-4EEB-9D02-C4EB4364583A}"
EndProject
Global
	GlobalSection(SolutionConfigurationPlatforms) = preSolution
		Debug|Any CPU = Debug|Any CPU
		Release|Any CPU = Release|Any CPU
	EndGlobalSection
	GlobalSection(ProjectConfigurationPlatforms) = postSolution
		{DDAB3017-DB03-4EEB-9D02-C4EB4364583A}.Debug|Any CPU.ActiveCfg = Debug|Any CPU
		{DDAB3017-DB03-4EEB-9D02-C4EB4364583A}.Debug|Any CPU.Build.0 = Debug|Any CPU
		{DDAB3017-DB03-4EEB-9D02-C4EB4364583A}.Release|Any CPU.ActiveCfg = Release|Any CPU
		{DDAB3017-DB03-4EEB-9D02-C4EB4364583A}.Release|Any CPU.Build.0 = Release|Any CPU
	EndGlobalSection
	GlobalSection(SolutionProperties) = preSolution
		HideSolutionNode = FALSE
	EndGlobalSection
	GlobalSection(ExtensibilityGlobals) = postSolution
		SolutionGuid = {3EE53750-8B2F-4126-8494-41694F9490D6}
	EndGlobalSection
EndGlobal
