
Microsoft Visual Studio Solution File, Format Version 12.00
# Visual Studio Version 17
VisualStudioVersion = 17.4.33213.308
MinimumVisualStudioVersion = 10.0.40219.1
Project("{FAE04EC0-301F-11D3-BF4B-00C04F79EFBC}") = "ConsoleApp3", "ConsoleApp3\ConsoleApp3.csproj", "{FFBACECA-A22E-4275-937E-4379970A1C58}"
EndProject
Global
	GlobalSection(SolutionConfigurationPlatforms) = preSolution
		Debug|Any CPU = Debug|Any CPU
		Release|Any CPU = Release|Any CPU
	EndGlobalSection
	GlobalSection(ProjectConfigurationPlatforms) = postSolution
		{FFBACECA-A22E-4275-937E-4379970A1C58}.Debug|Any CPU.ActiveCfg = Debug|Any CPU
		{FFBACECA-A22E-4275-937E-4379970A1C58}.Debug|Any CPU.Build.0 = Debug|Any CPU
		{FFBACECA-A22E-4275-937E-4379970A1C58}.Release|Any CPU.ActiveCfg = Release|Any CPU
		{FFBACECA-A22E-4275-937E-4379970A1C58}.Release|Any CPU.Build.0 = Release|Any CPU
	EndGlobalSection
	GlobalSection(SolutionProperties) = preSolution
		HideSolutionNode = FALSE
	EndGlobalSection
	GlobalSection(ExtensibilityGlobals) = postSolution
		SolutionGuid = {3FADCEED-29A4-4A4E-B80A-F52DB47F3630}
	EndGlobalSection
EndGlobal
