
Microsoft Visual Studio Solution File, Format Version 12.00
# Visual Studio Version 17
VisualStudioVersion = 17.4.33122.133
MinimumVisualStudioVersion = 10.0.40219.1
Project("{FAE04EC0-301F-11D3-BF4B-00C04F79EFBC}") = "Exercise2", "Exercise2\Exercise2.csproj", "{00D0064B-4247-4A60-A3C0-F0C1B1E92C58}"
EndProject
Global
	GlobalSection(SolutionConfigurationPlatforms) = preSolution
		Debug|Any CPU = Debug|Any CPU
		Release|Any CPU = Release|Any CPU
	EndGlobalSection
	GlobalSection(ProjectConfigurationPlatforms) = postSolution
		{00D0064B-4247-4A60-A3C0-F0C1B1E92C58}.Debug|Any CPU.ActiveCfg = Debug|Any CPU
		{00D0064B-4247-4A60-A3C0-F0C1B1E92C58}.Debug|Any CPU.Build.0 = Debug|Any CPU
		{00D0064B-4247-4A60-A3C0-F0C1B1E92C58}.Release|Any CPU.ActiveCfg = Release|Any CPU
		{00D0064B-4247-4A60-A3C0-F0C1B1E92C58}.Release|Any CPU.Build.0 = Release|Any CPU
	EndGlobalSection
	GlobalSection(SolutionProperties) = preSolution
		HideSolutionNode = FALSE
	EndGlobalSection
	GlobalSection(ExtensibilityGlobals) = postSolution
		SolutionGuid = {2BB10EDC-D7A9-47C1-82E8-D6446B6D49D6}
	EndGlobalSection
EndGlobal
