
Microsoft Visual Studio Solution File, Format Version 12.00
# Visual Studio Version 17
VisualStudioVersion = 17.3.32929.385
MinimumVisualStudioVersion = 10.0.40219.1
Project("{FAE04EC0-301F-11D3-BF4B-00C04F79EFBC}") = "task_line", "task_line\task_line.csproj", "{0F20D8F7-DB32-4A74-A730-8F20987AD176}"
EndProject
Project("{FAE04EC0-301F-11D3-BF4B-00C04F79EFBC}") = "task_guess_the_number", "task_guess_the_number\task_guess_the_number.csproj", "{BDBBB4E7-1EAA-4961-8B0A-5A3BFB80EA00}"
EndProject
Project("{FAE04EC0-301F-11D3-BF4B-00C04F79EFBC}") = "task_randomize_array", "task_randomize_array\task_randomize_array.csproj", "{F11406CF-0E81-4B73-8C4B-0B0FE222D41B}"
EndProject
Global
	GlobalSection(SolutionConfigurationPlatforms) = preSolution
		Debug|Any CPU = Debug|Any CPU
		Release|Any CPU = Release|Any CPU
	EndGlobalSection
	GlobalSection(ProjectConfigurationPlatforms) = postSolution
		{0F20D8F7-DB32-4A74-A730-8F20987AD176}.Debug|Any CPU.ActiveCfg = Debug|Any CPU
		{0F20D8F7-DB32-4A74-A730-8F20987AD176}.Debug|Any CPU.Build.0 = Debug|Any CPU
		{0F20D8F7-DB32-4A74-A730-8F20987AD176}.Release|Any CPU.ActiveCfg = Release|Any CPU
		{0F20D8F7-DB32-4A74-A730-8F20987AD176}.Release|Any CPU.Build.0 = Release|Any CPU
		{BDBBB4E7-1EAA-4961-8B0A-5A3BFB80EA00}.Debug|Any CPU.ActiveCfg = Debug|Any CPU
		{BDBBB4E7-1EAA-4961-8B0A-5A3BFB80EA00}.Debug|Any CPU.Build.0 = Debug|Any CPU
		{BDBBB4E7-1EAA-4961-8B0A-5A3BFB80EA00}.Release|Any CPU.ActiveCfg = Release|Any CPU
		{BDBBB4E7-1EAA-4961-8B0A-5A3BFB80EA00}.Release|Any CPU.Build.0 = Release|Any CPU
		{F11406CF-0E81-4B73-8C4B-0B0FE222D41B}.Debug|Any CPU.ActiveCfg = Debug|Any CPU
		{F11406CF-0E81-4B73-8C4B-0B0FE222D41B}.Debug|Any CPU.Build.0 = Debug|Any CPU
		{F11406CF-0E81-4B73-8C4B-0B0FE222D41B}.Release|Any CPU.ActiveCfg = Release|Any CPU
		{F11406CF-0E81-4B73-8C4B-0B0FE222D41B}.Release|Any CPU.Build.0 = Release|Any CPU
	EndGlobalSection
	GlobalSection(SolutionProperties) = preSolution
		HideSolutionNode = FALSE
	EndGlobalSection
	GlobalSection(ExtensibilityGlobals) = postSolution
		SolutionGuid = {6AC6BD4B-7FCD-43F1-B93D-68989BD8EF3C}
	EndGlobalSection
EndGlobal
