
Microsoft Visual Studio Solution File, Format Version 12.00
# Visual Studio Version 17
VisualStudioVersion = 17.4.33110.190
MinimumVisualStudioVersion = 10.0.40219.1
Project("{FAE04EC0-301F-11D3-BF4B-00C04F79EFBC}") = "HW16", "HW16\HW16.csproj", "{97058E93-A635-4F95-8812-8E8BAD788117}"
EndProject
Global
	GlobalSection(SolutionConfigurationPlatforms) = preSolution
		Debug|Any CPU = Debug|Any CPU
		Release|Any CPU = Release|Any CPU
	EndGlobalSection
	GlobalSection(ProjectConfigurationPlatforms) = postSolution
		{97058E93-A635-4F95-8812-8E8BAD788117}.Debug|Any CPU.ActiveCfg = Debug|Any CPU
		{97058E93-A635-4F95-8812-8E8BAD788117}.Debug|Any CPU.Build.0 = Debug|Any CPU
		{97058E93-A635-4F95-8812-8E8BAD788117}.Release|Any CPU.ActiveCfg = Release|Any CPU
		{97058E93-A635-4F95-8812-8E8BAD788117}.Release|Any CPU.Build.0 = Release|Any CPU
	EndGlobalSection
	GlobalSection(SolutionProperties) = preSolution
		HideSolutionNode = FALSE
	EndGlobalSection
	GlobalSection(ExtensibilityGlobals) = postSolution
		SolutionGuid = {4069F3EE-DE1F-4729-8271-F95DF7388820}
	EndGlobalSection
EndGlobal
