
Microsoft Visual Studio Solution File, Format Version 12.00
# Visual Studio Version 17
VisualStudioVersion = 17.4.33213.308
MinimumVisualStudioVersion = 10.0.40219.1
Project("{FAE04EC0-301F-11D3-BF4B-00C04F79EFBC}") = "ConsoleApp1", "ConsoleApp1\ConsoleApp1.csproj", "{305D2950-9DA9-4FD3-A7F6-7BA045FB9117}"
EndProject
Global
	GlobalSection(SolutionConfigurationPlatforms) = preSolution
		Debug|Any CPU = Debug|Any CPU
		Release|Any CPU = Release|Any CPU
	EndGlobalSection
	GlobalSection(ProjectConfigurationPlatforms) = postSolution
		{305D2950-9DA9-4FD3-A7F6-7BA045FB9117}.Debug|Any CPU.ActiveCfg = Debug|Any CPU
		{305D2950-9DA9-4FD3-A7F6-7BA045FB9117}.Debug|Any CPU.Build.0 = Debug|Any CPU
		{305D2950-9DA9-4FD3-A7F6-7BA045FB9117}.Release|Any CPU.ActiveCfg = Release|Any CPU
		{305D2950-9DA9-4FD3-A7F6-7BA045FB9117}.Release|Any CPU.Build.0 = Release|Any CPU
	EndGlobalSection
	GlobalSection(SolutionProperties) = preSolution
		HideSolutionNode = FALSE
	EndGlobalSection
	GlobalSection(ExtensibilityGlobals) = postSolution
		SolutionGuid = {1079F2DC-0862-4208-9FC5-085E2978C24F}
	EndGlobalSection
EndGlobal
