
Microsoft Visual Studio Solution File, Format Version 12.00
# Visual Studio Version 17
VisualStudioVersion = 17.4.33205.214
MinimumVisualStudioVersion = 10.0.40219.1
Project("{FAE04EC0-301F-11D3-BF4B-00C04F79EFBC}") = "Shapes", "Shapes\Shapes.csproj", "{2508C7F4-CA93-4A52-A1A1-0C9136E5977D}"
EndProject
Global
	GlobalSection(SolutionConfigurationPlatforms) = preSolution
		Debug|Any CPU = Debug|Any CPU
		Release|Any CPU = Release|Any CPU
	EndGlobalSection
	GlobalSection(ProjectConfigurationPlatforms) = postSolution
		{2508C7F4-CA93-4A52-A1A1-0C9136E5977D}.Debug|Any CPU.ActiveCfg = Debug|Any CPU
		{2508C7F4-CA93-4A52-A1A1-0C9136E5977D}.Debug|Any CPU.Build.0 = Debug|Any CPU
		{2508C7F4-CA93-4A52-A1A1-0C9136E5977D}.Release|Any CPU.ActiveCfg = Release|Any CPU
		{2508C7F4-CA93-4A52-A1A1-0C9136E5977D}.Release|Any CPU.Build.0 = Release|Any CPU
	EndGlobalSection
	GlobalSection(SolutionProperties) = preSolution
		HideSolutionNode = FALSE
	EndGlobalSection
	GlobalSection(ExtensibilityGlobals) = postSolution
		SolutionGuid = {88415BA6-D71A-43F7-B261-11854FC5FCA2}
	EndGlobalSection
EndGlobal
