
Microsoft Visual Studio Solution File, Format Version 12.00
# Visual Studio Version 17
VisualStudioVersion = 17.4.33110.190
MinimumVisualStudioVersion = 10.0.40219.1
Project("{FAE04EC0-301F-11D3-BF4B-00C04F79EFBC}") = "HW7", "HW7\HW7.csproj", "{08D98BB9-2125-4BB0-89BF-60DED98241C3}"
EndProject
Global
	GlobalSection(SolutionConfigurationPlatforms) = preSolution
		Debug|Any CPU = Debug|Any CPU
		Release|Any CPU = Release|Any CPU
	EndGlobalSection
	GlobalSection(ProjectConfigurationPlatforms) = postSolution
		{08D98BB9-2125-4BB0-89BF-60DED98241C3}.Debug|Any CPU.ActiveCfg = Debug|Any CPU
		{08D98BB9-2125-4BB0-89BF-60DED98241C3}.Debug|Any CPU.Build.0 = Debug|Any CPU
		{08D98BB9-2125-4BB0-89BF-60DED98241C3}.Release|Any CPU.ActiveCfg = Release|Any CPU
		{08D98BB9-2125-4BB0-89BF-60DED98241C3}.Release|Any CPU.Build.0 = Release|Any CPU
	EndGlobalSection
	GlobalSection(SolutionProperties) = preSolution
		HideSolutionNode = FALSE
	EndGlobalSection
	GlobalSection(ExtensibilityGlobals) = postSolution
		SolutionGuid = {FB0D8DDC-FDB9-42BE-81FA-FAC4F602BE89}
	EndGlobalSection
EndGlobal
