
Microsoft Visual Studio Solution File, Format Version 12.00
# Visual Studio Version 17
VisualStudioVersion = 17.3.32929.385
MinimumVisualStudioVersion = 10.0.40219.1
Project("{FAE04EC0-301F-11D3-BF4B-00C04F79EFBC}") = "PC", "PC.csproj", "{9616404B-9602-430E-BB09-86DC5A8A45E0}"
EndProject
Global
	GlobalSection(SolutionConfigurationPlatforms) = preSolution
		Debug|Any CPU = Debug|Any CPU
		Release|Any CPU = Release|Any CPU
	EndGlobalSection
	GlobalSection(ProjectConfigurationPlatforms) = postSolution
		{9616404B-9602-430E-BB09-86DC5A8A45E0}.Debug|Any CPU.ActiveCfg = Debug|Any CPU
		{9616404B-9602-430E-BB09-86DC5A8A45E0}.Debug|Any CPU.Build.0 = Debug|Any CPU
		{9616404B-9602-430E-BB09-86DC5A8A45E0}.Release|Any CPU.ActiveCfg = Release|Any CPU
		{9616404B-9602-430E-BB09-86DC5A8A45E0}.Release|Any CPU.Build.0 = Release|Any CPU
	EndGlobalSection
	GlobalSection(SolutionProperties) = preSolution
		HideSolutionNode = FALSE
	EndGlobalSection
	GlobalSection(ExtensibilityGlobals) = postSolution
		SolutionGuid = {39DE121C-8470-4696-A4E7-51169B1BD039}
	EndGlobalSection
EndGlobal
