
Microsoft Visual Studio Solution File, Format Version 12.00
# Visual Studio Version 17
VisualStudioVersion = 17.4.33122.133
MinimumVisualStudioVersion = 10.0.40219.1
Project("{FAE04EC0-301F-11D3-BF4B-00C04F79EFBC}") = "HomeWork11", "HomeWork11\HomeWork11.csproj", "{A814A213-2D5F-4749-946F-8371D856ACFD}"
EndProject
Global
	GlobalSection(SolutionConfigurationPlatforms) = preSolution
		Debug|Any CPU = Debug|Any CPU
		Release|Any CPU = Release|Any CPU
	EndGlobalSection
	GlobalSection(ProjectConfigurationPlatforms) = postSolution
		{A814A213-2D5F-4749-946F-8371D856ACFD}.Debug|Any CPU.ActiveCfg = Debug|Any CPU
		{A814A213-2D5F-4749-946F-8371D856ACFD}.Debug|Any CPU.Build.0 = Debug|Any CPU
		{A814A213-2D5F-4749-946F-8371D856ACFD}.Release|Any CPU.ActiveCfg = Release|Any CPU
		{A814A213-2D5F-4749-946F-8371D856ACFD}.Release|Any CPU.Build.0 = Release|Any CPU
	EndGlobalSection
	GlobalSection(SolutionProperties) = preSolution
		HideSolutionNode = FALSE
	EndGlobalSection
	GlobalSection(ExtensibilityGlobals) = postSolution
		SolutionGuid = {14189183-7513-4FBA-9477-F4EB9611AE70}
	EndGlobalSection
EndGlobal
