
Microsoft Visual Studio Solution File, Format Version 12.00
# Visual Studio Version 17
VisualStudioVersion = 17.4.33110.190
MinimumVisualStudioVersion = 10.0.40219.1
Project("{FAE04EC0-301F-11D3-BF4B-00C04F79EFBC}") = "01_HomeWork", "01_HomeWork\01_HomeWork.csproj", "{B3F95598-C7D0-4171-BC71-6746CB7DD1CA}"
EndProject
Global
	GlobalSection(SolutionConfigurationPlatforms) = preSolution
		Debug|Any CPU = Debug|Any CPU
		Release|Any CPU = Release|Any CPU
	EndGlobalSection
	GlobalSection(ProjectConfigurationPlatforms) = postSolution
		{B3F95598-C7D0-4171-BC71-6746CB7DD1CA}.Debug|Any CPU.ActiveCfg = Debug|Any CPU
		{B3F95598-C7D0-4171-BC71-6746CB7DD1CA}.Debug|Any CPU.Build.0 = Debug|Any CPU
		{B3F95598-C7D0-4171-BC71-6746CB7DD1CA}.Release|Any CPU.ActiveCfg = Release|Any CPU
		{B3F95598-C7D0-4171-BC71-6746CB7DD1CA}.Release|Any CPU.Build.0 = Release|Any CPU
	EndGlobalSection
	GlobalSection(SolutionProperties) = preSolution
		HideSolutionNode = FALSE
	EndGlobalSection
	GlobalSection(ExtensibilityGlobals) = postSolution
		SolutionGuid = {6A0C4AB9-362B-4021-9E3C-9D0FA5E2D9CC}
	EndGlobalSection
EndGlobal
